PODS:
  - AFDateHelper (4.2.7)
  - Appirater (2.3.1)
  - DTFoundation/Core (1.7.13)
  - DTFoundation/DTASN1 (1.7.13):
    - DTFoundation/Core
  - Instructions (1.2.0)
  - Kvitto (1.0.3):
    - DTFoundation/DTASN1 (~> 1.7.13)
    - Kvitto/Core (= 1.0.3)
  - Kvitto/Core (1.0.3):
    - DTFoundation/DTASN1 (~> 1.7.13)
  - lottie-ios (2.5.0)
  - Pages (2.0.2)
  - Presentation (4.1.2):
    - Pages (~> 2.0)
  - PryntTrimmerView (2.0.1)
  - Result (3.2.4)
  - Siren (3.4.1)
  - SteviaLayout (4.2.0)
  - SugarRecord/CoreData (3.1.2):
    - Result (~> 3.0)
  - SwiftyJSON (4.1.0)
  - SwiftyStoreKit (0.13.2)
  - YPImagePicker (3.1.1):
    - PryntTrimmerView (~> 2.0)
    - SteviaLayout (~> 4.2.0)

DEPENDENCIES:
  - AFDateHelper (from `https://github.com/FroeMic/DateHelper.git`)
  - Appirater
  - Instructions (~> 1.2.0)
  - Kvitto
  - lottie-ios
  - Presentation
  - Siren
  - SugarRecord/CoreData
  - SwiftyJSON (~> 4.0)
  - SwiftyStoreKit
  - YPImagePicker

SPEC REPOS:
  https://github.com/cocoapods/specs.git:
    - Appirater
    - DTFoundation
    - Instructions
    - Kvitto
    - lottie-ios
    - Pages
    - Presentation
    - PryntTrimmerView
    - Result
    - Siren
    - SteviaLayout
    - SugarRecord
    - SwiftyJSON
    - SwiftyStoreKit
    - YPImagePicker

EXTERNAL SOURCES:
  AFDateHelper:
    :git: https://github.com/FroeMic/DateHelper.git

CHECKOUT OPTIONS:
  AFDateHelper:
    :commit: 8d70e584757e78e687917044e06d353dddc907a1
    :git: https://github.com/FroeMic/DateHelper.git

SPEC CHECKSUMS:
  AFDateHelper: 9dcce64b7200d8cc559ac4e89db99722c00c89de
  Appirater: 44a4651f7912a17dc906b655f0c215d5bb768b84
  DTFoundation: f03be9fd786f11e505bb8fc44e2a3732bf0917df
  Instructions: 763c2452bd78e05d8f969a21c1cbc3c07deef33a
  Kvitto: d451f893f84ad669850b7cb7d3f8781363e14232
  lottie-ios: d699fdee68d7b63e721d949388b015fef1aaa4ac
  Pages: 5564ac6035c48fef7a837049314f57507d263b11
  Presentation: 84974970fa451c89147d2bed4d5d50f857e71761
  PryntTrimmerView: 4260ae497a2f3e1bbfc0b71247eb74ab92bf0490
  Result: d2d07204ce72856f1fd9130bbe42c35a7b0fea10
  Siren: 94e13d40b48d8c0ddac053140d607c36bb487767
  SteviaLayout: 0d2112caea45707695e8c718262c8ea3dd37ef17
  SugarRecord: be6aa5c18b4a4dec0de4c1f49fc61c85eabb5328
  SwiftyJSON: c29297daf073d2aa016295d5809cdd68045c39b3
  SwiftyStoreKit: b7563505440a68c9d9fa70bc43d8a97015519409
  YPImagePicker: dd0a901a293f99e982f75554738574c735734a76

PODFILE CHECKSUM: 7e9d5db6d08b29dd188d9b041e2ee90442458c2b

COCOAPODS: 1.5.3
