PODS:
  - AFDateHelper (4.2.7)
  - Appirater (2.3.1)
  - DTFoundation/Core (1.7.14)
  - DTFoundation/DTASN1 (1.7.14):
    - DTFoundation/Core
  - Instructions (1.2.2)
  - Kvitto (1.0.3):
    - DTFoundation/DTASN1 (~> 1.7.13)
    - Kvitto/Core (= 1.0.3)
  - Kvitto/Core (1.0.3):
    - DTFoundation/DTASN1 (~> 1.7.13)
  - lottie-ios (3.1.6)
  - Pages (2.0.2)
  - Presentation (4.1.2):
    - Pages (~> 2.0)
  - PryntTrimmerView (4.0.0)
  - Result (3.2.4)
  - Siren (5.4.0)
  - SteviaLayout (4.7.3)
  - SugarRecord/CoreData (3.1.2):
    - Result (~> 3.0)
  - SwiftyJSON (4.3.0)
  - SwiftyStoreKit (0.15.0)
  - YPImagePicker (4.2.0):
    - PryntTrimmerView (~> 4.0.0)
    - SteviaLayout (~> 4.7.3)

DEPENDENCIES:
  - AFDateHelper (from `https://github.com/FroeMic/DateHelper.git`)
  - Appirater
  - Instructions (~> 1.2.0)
  - Kvitto
  - lottie-ios
  - Presentation
  - Siren
  - SugarRecord/CoreData
  - SwiftyJSON (~> 4.0)
  - SwiftyStoreKit
  - YPImagePicker

SPEC REPOS:
  trunk:
    - Appirater
    - DTFoundation
    - Instructions
    - Kvitto
    - lottie-ios
    - Pages
    - Presentation
    - PryntTrimmerView
    - Result
    - Siren
    - SteviaLayout
    - SugarRecord
    - SwiftyJSON
    - SwiftyStoreKit
    - YPImagePicker

EXTERNAL SOURCES:
  AFDateHelper:
    :git: https://github.com/FroeMic/DateHelper.git

CHECKOUT OPTIONS:
  AFDateHelper:
    :commit: 8d70e584757e78e687917044e06d353dddc907a1
    :git: https://github.com/FroeMic/DateHelper.git

SPEC CHECKSUMS:
  AFDateHelper: 9dcce64b7200d8cc559ac4e89db99722c00c89de
  Appirater: 44a4651f7912a17dc906b655f0c215d5bb768b84
  DTFoundation: 25aa19bb7c6e225b1dfae195604fb8cf1da0ab4c
  Instructions: baff1b8ac41e195556c2b3453be1fcdd92e18612
  Kvitto: d451f893f84ad669850b7cb7d3f8781363e14232
  lottie-ios: 85ce835dd8c53e02509f20729fc7d6a4e6645a0a
  Pages: 5564ac6035c48fef7a837049314f57507d263b11
  Presentation: 84974970fa451c89147d2bed4d5d50f857e71761
  PryntTrimmerView: 67e67573ffd4c073f1308effa66aefd0cfa667a0
  Result: d2d07204ce72856f1fd9130bbe42c35a7b0fea10
  Siren: 9df16ed5278cfaad7ea034f3d2206e4f6983e9b8
  SteviaLayout: c2ecdcff57d44e38fd2f65e54ad52aeae28ca0c4
  SugarRecord: be6aa5c18b4a4dec0de4c1f49fc61c85eabb5328
  SwiftyJSON: 6faa0040f8b59dead0ee07436cbf76b73c08fd08
  SwiftyStoreKit: 033d06b6f87955405d3f844a18a7687c2438592a
  YPImagePicker: accf310f9526641a84372c0ecf943547d9b1e52c

PODFILE CHECKSUM: 974d03df867fe0a1f27ea16714c562db762668cd

COCOAPODS: 1.9.0
