// !$*UTF8*$!
{
	archiveVersion = 1;
	classes = {
	};
	objectVersion = 50;
	objects = {

/* Begin PBXBuildFile section */
		271F9EB82135D51800115C8C /* AppDelegate.swift in Sources */ = {isa = PBXBuildFile; fileRef = 271F9EB72135D51800115C8C /* AppDelegate.swift */; };
		271F9EBA2135D51800115C8C /* ViewController.swift in Sources */ = {isa = PBXBuildFile; fileRef = 271F9EB92135D51800115C8C /* ViewController.swift */; };
		271F9EBD2135D51800115C8C /* Main.storyboard in Resources */ = {isa = PBXBuildFile; fileRef = 271F9EBB2135D51800115C8C /* Main.storyboard */; };
		271F9EBF2135D51A00115C8C /* Assets.xcassets in Resources */ = {isa = PBXBuildFile; fileRef = 271F9EBE2135D51A00115C8C /* Assets.xcassets */; };
		271F9EC22135D51A00115C8C /* LaunchScreen.storyboard in Resources */ = {isa = PBXBuildFile; fileRef = 271F9EC02135D51A00115C8C /* LaunchScreen.storyboard */; };
		271F9ECD2135D51B00115C8C /* NoiseTests.swift in Sources */ = {isa = PBXBuildFile; fileRef = 271F9ECC2135D51B00115C8C /* NoiseTests.swift */; };
		27B105FF2135D8150070A109 /* RoundedImageView.swift in Sources */ = {isa = PBXBuildFile; fileRef = 27B105FE2135D8150070A109 /* RoundedImageView.swift */; };
		27B106022135D8570070A109 /* InterfaceTheme.swift in Sources */ = {isa = PBXBuildFile; fileRef = 27B106012135D8570070A109 /* InterfaceTheme.swift */; };
		27B106052135D8BC0070A109 /* Injection.swift in Sources */ = {isa = PBXBuildFile; fileRef = 27B106042135D8BC0070A109 /* Injection.swift */; };
		27B106082135D8EA0070A109 /* DefaultTheme.swift in Sources */ = {isa = PBXBuildFile; fileRef = 27B106072135D8EA0070A109 /* DefaultTheme.swift */; };
		583AE971DA043231F16388F5 /* Pods_Noise.framework in Frameworks */ = {isa = PBXBuildFile; fileRef = 3C1E638CE87361824E6D3060 /* Pods_Noise.framework */; };
		B7002B48FD111E15949DEB80 /* Pods_NoiseTests.framework in Frameworks */ = {isa = PBXBuildFile; fileRef = 6CE8DD348B3534DA3F8A12B4 /* Pods_NoiseTests.framework */; };
/* End PBXBuildFile section */

/* Begin PBXContainerItemProxy section */
		271F9EC92135D51B00115C8C /* PBXContainerItemProxy */ = {
			isa = PBXContainerItemProxy;
			containerPortal = 271F9EAC2135D51800115C8C /* Project object */;
			proxyType = 1;
			remoteGlobalIDString = 271F9EB32135D51800115C8C;
			remoteInfo = Noise;
		};
/* End PBXContainerItemProxy section */

/* Begin PBXFileReference section */
		271F9EB42135D51800115C8C /* Noise.app */ = {isa = PBXFileReference; explicitFileType = wrapper.application; includeInIndex = 0; path = Noise.app; sourceTree = BUILT_PRODUCTS_DIR; };
		271F9EB72135D51800115C8C /* AppDelegate.swift */ = {isa = PBXFileReference; lastKnownFileType = sourcecode.swift; path = AppDelegate.swift; sourceTree = "<group>"; };
		271F9EB92135D51800115C8C /* ViewController.swift */ = {isa = PBXFileReference; lastKnownFileType = sourcecode.swift; path = ViewController.swift; sourceTree = "<group>"; };
		271F9EBC2135D51800115C8C /* Base */ = {isa = PBXFileReference; lastKnownFileType = file.storyboard; name = Base; path = Base.lproj/Main.storyboard; sourceTree = "<group>"; };
		271F9EBE2135D51A00115C8C /* Assets.xcassets */ = {isa = PBXFileReference; lastKnownFileType = folder.assetcatalog; path = Assets.xcassets; sourceTree = "<group>"; };
		271F9EC12135D51A00115C8C /* Base */ = {isa = PBXFileReference; lastKnownFileType = file.storyboard; name = Base; path = Base.lproj/LaunchScreen.storyboard; sourceTree = "<group>"; };
		271F9EC32135D51A00115C8C /* Info.plist */ = {isa = PBXFileReference; lastKnownFileType = text.plist.xml; path = Info.plist; sourceTree = "<group>"; };
		271F9EC82135D51B00115C8C /* NoiseTests.xctest */ = {isa = PBXFileReference; explicitFileType = wrapper.cfbundle; includeInIndex = 0; path = NoiseTests.xctest; sourceTree = BUILT_PRODUCTS_DIR; };
		271F9ECC2135D51B00115C8C /* NoiseTests.swift */ = {isa = PBXFileReference; lastKnownFileType = sourcecode.swift; path = NoiseTests.swift; sourceTree = "<group>"; };
		271F9ECE2135D51B00115C8C /* Info.plist */ = {isa = PBXFileReference; lastKnownFileType = text.plist.xml; path = Info.plist; sourceTree = "<group>"; };
		27B105FE2135D8150070A109 /* RoundedImageView.swift */ = {isa = PBXFileReference; lastKnownFileType = sourcecode.swift; path = RoundedImageView.swift; sourceTree = "<group>"; };
		27B106012135D8570070A109 /* InterfaceTheme.swift */ = {isa = PBXFileReference; lastKnownFileType = sourcecode.swift; path = InterfaceTheme.swift; sourceTree = "<group>"; };
		27B106042135D8BC0070A109 /* Injection.swift */ = {isa = PBXFileReference; lastKnownFileType = sourcecode.swift; path = Injection.swift; sourceTree = "<group>"; };
		27B106072135D8EA0070A109 /* DefaultTheme.swift */ = {isa = PBXFileReference; lastKnownFileType = sourcecode.swift; path = DefaultTheme.swift; sourceTree = "<group>"; };
		3C1E638CE87361824E6D3060 /* Pods_Noise.framework */ = {isa = PBXFileReference; explicitFileType = wrapper.framework; includeInIndex = 0; path = Pods_Noise.framework; sourceTree = BUILT_PRODUCTS_DIR; };
		6CE8DD348B3534DA3F8A12B4 /* Pods_NoiseTests.framework */ = {isa = PBXFileReference; explicitFileType = wrapper.framework; includeInIndex = 0; path = Pods_NoiseTests.framework; sourceTree = BUILT_PRODUCTS_DIR; };
		6D1D76CE48FCFA85FC4EAC04 /* Pods-Noise.debug.xcconfig */ = {isa = PBXFileReference; includeInIndex = 1; lastKnownFileType = text.xcconfig; name = "Pods-Noise.debug.xcconfig"; path = "Pods/Target Support Files/Pods-Noise/Pods-Noise.debug.xcconfig"; sourceTree = "<group>"; };
		986E882129E1A3F06A452CAC /* Pods-NoiseTests.release.xcconfig */ = {isa = PBXFileReference; includeInIndex = 1; lastKnownFileType = text.xcconfig; name = "Pods-NoiseTests.release.xcconfig"; path = "Pods/Target Support Files/Pods-NoiseTests/Pods-NoiseTests.release.xcconfig"; sourceTree = "<group>"; };
		A6E97246365AA35E811A55E1 /* Pods-NoiseTests.debug.xcconfig */ = {isa = PBXFileReference; includeInIndex = 1; lastKnownFileType = text.xcconfig; name = "Pods-NoiseTests.debug.xcconfig"; path = "Pods/Target Support Files/Pods-NoiseTests/Pods-NoiseTests.debug.xcconfig"; sourceTree = "<group>"; };
		C518B680C544DCAC19EE1A71 /* Pods-Noise.release.xcconfig */ = {isa = PBXFileReference; includeInIndex = 1; lastKnownFileType = text.xcconfig; name = "Pods-Noise.release.xcconfig"; path = "Pods/Target Support Files/Pods-Noise/Pods-Noise.release.xcconfig"; sourceTree = "<group>"; };
/* End PBXFileReference section */

/* Begin PBXFrameworksBuildPhase section */
		271F9EB12135D51800115C8C /* Frameworks */ = {
			isa = PBXFrameworksBuildPhase;
			buildActionMask = 2147483647;
			files = (
				583AE971DA043231F16388F5 /* Pods_Noise.framework in Frameworks */,
			);
			runOnlyForDeploymentPostprocessing = 0;
		};
		271F9EC52135D51B00115C8C /* Frameworks */ = {
			isa = PBXFrameworksBuildPhase;
			buildActionMask = 2147483647;
			files = (
				B7002B48FD111E15949DEB80 /* Pods_NoiseTests.framework in Frameworks */,
			);
			runOnlyForDeploymentPostprocessing = 0;
		};
/* End PBXFrameworksBuildPhase section */

/* Begin PBXGroup section */
		271F9EAB2135D51800115C8C = {
			isa = PBXGroup;
			children = (
				271F9EB62135D51800115C8C /* Noise */,
				271F9ECB2135D51B00115C8C /* NoiseTests */,
				271F9EB52135D51800115C8C /* Products */,
				6B3BF3CE7C409B551A06BB05 /* Pods */,
				AC17B522FC20D1D97467BCBF /* Frameworks */,
			);
			sourceTree = "<group>";
		};
		271F9EB52135D51800115C8C /* Products */ = {
			isa = PBXGroup;
			children = (
				271F9EB42135D51800115C8C /* Noise.app */,
				271F9EC82135D51B00115C8C /* NoiseTests.xctest */,
			);
			name = Products;
			sourceTree = "<group>";
		};
		271F9EB62135D51800115C8C /* Noise */ = {
			isa = PBXGroup;
			children = (
				27B106032135D8B10070A109 /* Base */,
				27B105FC2135D7940070A109 /* Presentation */,
				27B106002135D84A0070A109 /* Model */,
				27B106062135D8C40070A109 /* Data */,
				271F9EC32135D51A00115C8C /* Info.plist */,
			);
			path = Noise;
			sourceTree = "<group>";
		};
		271F9ECB2135D51B00115C8C /* NoiseTests */ = {
			isa = PBXGroup;
			children = (
				271F9ECC2135D51B00115C8C /* NoiseTests.swift */,
				271F9ECE2135D51B00115C8C /* Info.plist */,
			);
			path = NoiseTests;
			sourceTree = "<group>";
		};
		27B105FC2135D7940070A109 /* Presentation */ = {
			isa = PBXGroup;
			children = (
				271F9EB92135D51800115C8C /* ViewController.swift */,
				271F9EBB2135D51800115C8C /* Main.storyboard */,
				271F9EC02135D51A00115C8C /* LaunchScreen.storyboard */,
				271F9EBE2135D51A00115C8C /* Assets.xcassets */,
				27B105FD2135D79B0070A109 /* Views */,
			);
			path = Presentation;
			sourceTree = "<group>";
		};
		27B105FD2135D79B0070A109 /* Views */ = {
			isa = PBXGroup;
			children = (
				27B105FE2135D8150070A109 /* RoundedImageView.swift */,
			);
			path = Views;
			sourceTree = "<group>";
		};
		27B106002135D84A0070A109 /* Model */ = {
			isa = PBXGroup;
			children = (
				27B106012135D8570070A109 /* InterfaceTheme.swift */,
			);
			path = Model;
			sourceTree = "<group>";
		};
		27B106032135D8B10070A109 /* Base */ = {
			isa = PBXGroup;
			children = (
				271F9EB72135D51800115C8C /* AppDelegate.swift */,
				27B106042135D8BC0070A109 /* Injection.swift */,
			);
			path = Base;
			sourceTree = "<group>";
		};
		27B106062135D8C40070A109 /* Data */ = {
			isa = PBXGroup;
			children = (
				27B106072135D8EA0070A109 /* DefaultTheme.swift */,
			);
			path = Data;
			sourceTree = "<group>";
		};
		6B3BF3CE7C409B551A06BB05 /* Pods */ = {
			isa = PBXGroup;
			children = (
				6D1D76CE48FCFA85FC4EAC04 /* Pods-Noise.debug.xcconfig */,
				C518B680C544DCAC19EE1A71 /* Pods-Noise.release.xcconfig */,
				A6E97246365AA35E811A55E1 /* Pods-NoiseTests.debug.xcconfig */,
				986E882129E1A3F06A452CAC /* Pods-NoiseTests.release.xcconfig */,
			);
			name = Pods;
			sourceTree = "<group>";
		};
		AC17B522FC20D1D97467BCBF /* Frameworks */ = {
			isa = PBXGroup;
			children = (
				3C1E638CE87361824E6D3060 /* Pods_Noise.framework */,
				6CE8DD348B3534DA3F8A12B4 /* Pods_NoiseTests.framework */,
			);
			name = Frameworks;
			sourceTree = "<group>";
		};
/* End PBXGroup section */

/* Begin PBXNativeTarget section */
		271F9EB32135D51800115C8C /* Noise */ = {
			isa = PBXNativeTarget;
			buildConfigurationList = 271F9ED12135D51B00115C8C /* Build configuration list for PBXNativeTarget "Noise" */;
			buildPhases = (
				641A35FAC70467F6C1D03AD7 /* [CP] Check Pods Manifest.lock */,
				271F9EB02135D51800115C8C /* Sources */,
				271F9EB12135D51800115C8C /* Frameworks */,
				271F9EB22135D51800115C8C /* Resources */,
				DBC8615CF5B0038D2580ED3A /* [CP] Embed Pods Frameworks */,
			);
			buildRules = (
			);
			dependencies = (
			);
			name = Noise;
			productName = Noise;
			productReference = 271F9EB42135D51800115C8C /* Noise.app */;
			productType = "com.apple.product-type.application";
		};
		271F9EC72135D51B00115C8C /* NoiseTests */ = {
			isa = PBXNativeTarget;
			buildConfigurationList = 271F9ED42135D51B00115C8C /* Build configuration list for PBXNativeTarget "NoiseTests" */;
			buildPhases = (
				04BCF4AFBD355D496BC0AE37 /* [CP] Check Pods Manifest.lock */,
				271F9EC42135D51B00115C8C /* Sources */,
				271F9EC52135D51B00115C8C /* Frameworks */,
				271F9EC62135D51B00115C8C /* Resources */,
			);
			buildRules = (
			);
			dependencies = (
				271F9ECA2135D51B00115C8C /* PBXTargetDependency */,
			);
			name = NoiseTests;
			productName = NoiseTests;
			productReference = 271F9EC82135D51B00115C8C /* NoiseTests.xctest */;
			productType = "com.apple.product-type.bundle.unit-test";
		};
/* End PBXNativeTarget section */

/* Begin PBXProject section */
		271F9EAC2135D51800115C8C /* Project object */ = {
			isa = PBXProject;
			attributes = {
				LastSwiftUpdateCheck = 0940;
				LastUpgradeCheck = 0940;
				ORGANIZATIONNAME = "Michael Fröhlich";
				TargetAttributes = {
					271F9EB32135D51800115C8C = {
						CreatedOnToolsVersion = 9.4.1;
					};
					271F9EC72135D51B00115C8C = {
						CreatedOnToolsVersion = 9.4.1;
						TestTargetID = 271F9EB32135D51800115C8C;
					};
				};
			};
			buildConfigurationList = 271F9EAF2135D51800115C8C /* Build configuration list for PBXProject "Noise" */;
			compatibilityVersion = "Xcode 9.3";
			developmentRegion = en;
			hasScannedForEncodings = 0;
			knownRegions = (
				en,
				Base,
			);
			mainGroup = 271F9EAB2135D51800115C8C;
			productRefGroup = 271F9EB52135D51800115C8C /* Products */;
			projectDirPath = "";
			projectRoot = "";
			targets = (
				271F9EB32135D51800115C8C /* Noise */,
				271F9EC72135D51B00115C8C /* NoiseTests */,
			);
		};
/* End PBXProject section */

/* Begin PBXResourcesBuildPhase section */
		271F9EB22135D51800115C8C /* Resources */ = {
			isa = PBXResourcesBuildPhase;
			buildActionMask = 2147483647;
			files = (
				271F9EC22135D51A00115C8C /* LaunchScreen.storyboard in Resources */,
				271F9EBF2135D51A00115C8C /* Assets.xcassets in Resources */,
				271F9EBD2135D51800115C8C /* Main.storyboard in Resources */,
			);
			runOnlyForDeploymentPostprocessing = 0;
		};
		271F9EC62135D51B00115C8C /* Resources */ = {
			isa = PBXResourcesBuildPhase;
			buildActionMask = 2147483647;
			files = (
			);
			runOnlyForDeploymentPostprocessing = 0;
		};
/* End PBXResourcesBuildPhase section */

/* Begin PBXShellScriptBuildPhase section */
		04BCF4AFBD355D496BC0AE37 /* [CP] Check Pods Manifest.lock */ = {
			isa = PBXShellScriptBuildPhase;
			buildActionMask = 2147483647;
			files = (
			);
			inputPaths = (
				"${PODS_PODFILE_DIR_PATH}/Podfile.lock",
				"${PODS_ROOT}/Manifest.lock",
			);
			name = "[CP] Check Pods Manifest.lock";
			outputPaths = (
				"$(DERIVED_FILE_DIR)/Pods-NoiseTests-checkManifestLockResult.txt",
			);
			runOnlyForDeploymentPostprocessing = 0;
			shellPath = /bin/sh;
			shellScript = "diff \"${PODS_PODFILE_DIR_PATH}/Podfile.lock\" \"${PODS_ROOT}/Manifest.lock\" > /dev/null\nif [ $? != 0 ] ; then\n    # print error to STDERR\n    echo \"error: The sandbox is not in sync with the Podfile.lock. Run 'pod install' or update your CocoaPods installation.\" >&2\n    exit 1\nfi\n# This output is used by Xcode 'outputs' to avoid re-running this script phase.\necho \"SUCCESS\" > \"${SCRIPT_OUTPUT_FILE_0}\"\n";
			showEnvVarsInLog = 0;
		};
		641A35FAC70467F6C1D03AD7 /* [CP] Check Pods Manifest.lock */ = {
			isa = PBXShellScriptBuildPhase;
			buildActionMask = 2147483647;
			files = (
			);
			inputPaths = (
				"${PODS_PODFILE_DIR_PATH}/Podfile.lock",
				"${PODS_ROOT}/Manifest.lock",
			);
			name = "[CP] Check Pods Manifest.lock";
			outputPaths = (
				"$(DERIVED_FILE_DIR)/Pods-Noise-checkManifestLockResult.txt",
			);
			runOnlyForDeploymentPostprocessing = 0;
			shellPath = /bin/sh;
			shellScript = "diff \"${PODS_PODFILE_DIR_PATH}/Podfile.lock\" \"${PODS_ROOT}/Manifest.lock\" > /dev/null\nif [ $? != 0 ] ; then\n    # print error to STDERR\n    echo \"error: The sandbox is not in sync with the Podfile.lock. Run 'pod install' or update your CocoaPods installation.\" >&2\n    exit 1\nfi\n# This output is used by Xcode 'outputs' to avoid re-running this script phase.\necho \"SUCCESS\" > \"${SCRIPT_OUTPUT_FILE_0}\"\n";
			showEnvVarsInLog = 0;
		};
		DBC8615CF5B0038D2580ED3A /* [CP] Embed Pods Frameworks */ = {
			isa = PBXShellScriptBuildPhase;
			buildActionMask = 2147483647;
			files = (
			);
			inputPaths = (
				"${SRCROOT}/Pods/Target Support Files/Pods-Noise/Pods-Noise-frameworks.sh",
				"${BUILT_PRODUCTS_DIR}/fluid-slider/fluid_slider.framework",
				"${BUILT_PRODUCTS_DIR}/pop/pop.framework",
			);
			name = "[CP] Embed Pods Frameworks";
			outputPaths = (
				"${TARGET_BUILD_DIR}/${FRAMEWORKS_FOLDER_PATH}/fluid_slider.framework",
				"${TARGET_BUILD_DIR}/${FRAMEWORKS_FOLDER_PATH}/pop.framework",
			);
			runOnlyForDeploymentPostprocessing = 0;
			shellPath = /bin/sh;
			shellScript = "\"${SRCROOT}/Pods/Target Support Files/Pods-Noise/Pods-Noise-frameworks.sh\"\n";
			showEnvVarsInLog = 0;
		};
/* End PBXShellScriptBuildPhase section */

/* Begin PBXSourcesBuildPhase section */
		271F9EB02135D51800115C8C /* Sources */ = {
			isa = PBXSourcesBuildPhase;
			buildActionMask = 2147483647;
			files = (
				27B106052135D8BC0070A109 /* Injection.swift in Sources */,
				27B105FF2135D8150070A109 /* RoundedImageView.swift in Sources */,
				27B106022135D8570070A109 /* InterfaceTheme.swift in Sources */,
				27B106082135D8EA0070A109 /* DefaultTheme.swift in Sources */,
				271F9EBA2135D51800115C8C /* ViewController.swift in Sources */,
				271F9EB82135D51800115C8C /* AppDelegate.swift in Sources */,
			);
			runOnlyForDeploymentPostprocessing = 0;
		};
		271F9EC42135D51B00115C8C /* Sources */ = {
			isa = PBXSourcesBuildPhase;
			buildActionMask = 2147483647;
			files = (
				271F9ECD2135D51B00115C8C /* NoiseTests.swift in Sources */,
			);
			runOnlyForDeploymentPostprocessing = 0;
		};
/* End PBXSourcesBuildPhase section */

/* Begin PBXTargetDependency section */
		271F9ECA2135D51B00115C8C /* PBXTargetDependency */ = {
			isa = PBXTargetDependency;
			target = 271F9EB32135D51800115C8C /* Noise */;
			targetProxy = 271F9EC92135D51B00115C8C /* PBXContainerItemProxy */;
		};
/* End PBXTargetDependency section */

/* Begin PBXVariantGroup section */
		271F9EBB2135D51800115C8C /* Main.storyboard */ = {
			isa = PBXVariantGroup;
			children = (
				271F9EBC2135D51800115C8C /* Base */,
			);
			name = Main.storyboard;
			sourceTree = "<group>";
		};
		271F9EC02135D51A00115C8C /* LaunchScreen.storyboard */ = {
			isa = PBXVariantGroup;
			children = (
				271F9EC12135D51A00115C8C /* Base */,
			);
			name = LaunchScreen.storyboard;
			sourceTree = "<group>";
		};
/* End PBXVariantGroup section */

/* Begin XCBuildConfiguration section */
		271F9ECF2135D51B00115C8C /* Debug */ = {
			isa = XCBuildConfiguration;
			buildSettings = {
				ALWAYS_SEARCH_USER_PATHS = NO;
				CLANG_ANALYZER_NONNULL = YES;
				CLANG_ANALYZER_NUMBER_OBJECT_CONVERSION = YES_AGGRESSIVE;
				CLANG_CXX_LANGUAGE_STANDARD = "gnu++14";
				CLANG_CXX_LIBRARY = "libc++";
				CLANG_ENABLE_MODULES = YES;
				CLANG_ENABLE_OBJC_ARC = YES;
				CLANG_ENABLE_OBJC_WEAK = YES;
				CLANG_WARN_BLOCK_CAPTURE_AUTORELEASING = YES;
				CLANG_WARN_BOOL_CONVERSION = YES;
				CLANG_WARN_COMMA = YES;
				CLANG_WARN_CONSTANT_CONVERSION = YES;
				CLANG_WARN_DEPRECATED_OBJC_IMPLEMENTATIONS = YES;
				CLANG_WARN_DIRECT_OBJC_ISA_USAGE = YES_ERROR;
				CLANG_WARN_DOCUMENTATION_COMMENTS = YES;
				CLANG_WARN_EMPTY_BODY = YES;
				CLANG_WARN_ENUM_CONVERSION = YES;
				CLANG_WARN_INFINITE_RECURSION = YES;
				CLANG_WARN_INT_CONVERSION = YES;
				CLANG_WARN_NON_LITERAL_NULL_CONVERSION = YES;
				CLANG_WARN_OBJC_IMPLICIT_RETAIN_SELF = YES;
				CLANG_WARN_OBJC_LITERAL_CONVERSION = YES;
				CLANG_WARN_OBJC_ROOT_CLASS = YES_ERROR;
				CLANG_WARN_RANGE_LOOP_ANALYSIS = YES;
				CLANG_WARN_STRICT_PROTOTYPES = YES;
				CLANG_WARN_SUSPICIOUS_MOVE = YES;
				CLANG_WARN_UNGUARDED_AVAILABILITY = YES_AGGRESSIVE;
				CLANG_WARN_UNREACHABLE_CODE = YES;
				CLANG_WARN__DUPLICATE_METHOD_MATCH = YES;
				CODE_SIGN_IDENTITY = "iPhone Developer";
				COPY_PHASE_STRIP = NO;
				DEBUG_INFORMATION_FORMAT = dwarf;
				ENABLE_STRICT_OBJC_MSGSEND = YES;
				ENABLE_TESTABILITY = YES;
				GCC_C_LANGUAGE_STANDARD = gnu11;
				GCC_DYNAMIC_NO_PIC = NO;
				GCC_NO_COMMON_BLOCKS = YES;
				GCC_OPTIMIZATION_LEVEL = 0;
				GCC_PREPROCESSOR_DEFINITIONS = (
					"DEBUG=1",
					"$(inherited)",
				);
				GCC_WARN_64_TO_32_BIT_CONVERSION = YES;
				GCC_WARN_ABOUT_RETURN_TYPE = YES_ERROR;
				GCC_WARN_UNDECLARED_SELECTOR = YES;
				GCC_WARN_UNINITIALIZED_AUTOS = YES_AGGRESSIVE;
				GCC_WARN_UNUSED_FUNCTION = YES;
				GCC_WARN_UNUSED_VARIABLE = YES;
				IPHONEOS_DEPLOYMENT_TARGET = 11.4;
				MTL_ENABLE_DEBUG_INFO = YES;
				ONLY_ACTIVE_ARCH = YES;
				SDKROOT = iphoneos;
				SWIFT_ACTIVE_COMPILATION_CONDITIONS = DEBUG;
				SWIFT_OPTIMIZATION_LEVEL = "-Onone";
			};
			name = Debug;
		};
		271F9ED02135D51B00115C8C /* Release */ = {
			isa = XCBuildConfiguration;
			buildSettings = {
				ALWAYS_SEARCH_USER_PATHS = NO;
				CLANG_ANALYZER_NONNULL = YES;
				CLANG_ANALYZER_NUMBER_OBJECT_CONVERSION = YES_AGGRESSIVE;
				CLANG_CXX_LANGUAGE_STANDARD = "gnu++14";
				CLANG_CXX_LIBRARY = "libc++";
				CLANG_ENABLE_MODULES = YES;
				CLANG_ENABLE_OBJC_ARC = YES;
				CLANG_ENABLE_OBJC_WEAK = YES;
				CLANG_WARN_BLOCK_CAPTURE_AUTORELEASING = YES;
				CLANG_WARN_BOOL_CONVERSION = YES;
				CLANG_WARN_COMMA = YES;
				CLANG_WARN_CONSTANT_CONVERSION = YES;
				CLANG_WARN_DEPRECATED_OBJC_IMPLEMENTATIONS = YES;
				CLANG_WARN_DIRECT_OBJC_ISA_USAGE = YES_ERROR;
				CLANG_WARN_DOCUMENTATION_COMMENTS = YES;
				CLANG_WARN_EMPTY_BODY = YES;
				CLANG_WARN_ENUM_CONVERSION = YES;
				CLANG_WARN_INFINITE_RECURSION = YES;
				CLANG_WARN_INT_CONVERSION = YES;
				CLANG_WARN_NON_LITERAL_NULL_CONVERSION = YES;
				CLANG_WARN_OBJC_IMPLICIT_RETAIN_SELF = YES;
				CLANG_WARN_OBJC_LITERAL_CONVERSION = YES;
				CLANG_WARN_OBJC_ROOT_CLASS = YES_ERROR;
				CLANG_WARN_RANGE_LOOP_ANALYSIS = YES;
				CLANG_WARN_STRICT_PROTOTYPES = YES;
				CLANG_WARN_SUSPICIOUS_MOVE = YES;
				CLANG_WARN_UNGUARDED_AVAILABILITY = YES_AGGRESSIVE;
				CLANG_WARN_UNREACHABLE_CODE = YES;
				CLANG_WARN__DUPLICATE_METHOD_MATCH = YES;
				CODE_SIGN_IDENTITY = "iPhone Developer";
				COPY_PHASE_STRIP = NO;
				DEBUG_INFORMATION_FORMAT = "dwarf-with-dsym";
				ENABLE_NS_ASSERTIONS = NO;
				ENABLE_STRICT_OBJC_MSGSEND = YES;
				GCC_C_LANGUAGE_STANDARD = gnu11;
				GCC_NO_COMMON_BLOCKS = YES;
				GCC_WARN_64_TO_32_BIT_CONVERSION = YES;
				GCC_WARN_ABOUT_RETURN_TYPE = YES_ERROR;
				GCC_WARN_UNDECLARED_SELECTOR = YES;
				GCC_WARN_UNINITIALIZED_AUTOS = YES_AGGRESSIVE;
				GCC_WARN_UNUSED_FUNCTION = YES;
				GCC_WARN_UNUSED_VARIABLE = YES;
				IPHONEOS_DEPLOYMENT_TARGET = 11.4;
				MTL_ENABLE_DEBUG_INFO = NO;
				SDKROOT = iphoneos;
				SWIFT_COMPILATION_MODE = wholemodule;
				SWIFT_OPTIMIZATION_LEVEL = "-O";
				VALIDATE_PRODUCT = YES;
			};
			name = Release;
		};
		271F9ED22135D51B00115C8C /* Debug */ = {
			isa = XCBuildConfiguration;
			baseConfigurationReference = 6D1D76CE48FCFA85FC4EAC04 /* Pods-Noise.debug.xcconfig */;
			buildSettings = {
				ASSETCATALOG_COMPILER_APPICON_NAME = AppIcon;
				CODE_SIGN_STYLE = Automatic;
				DEVELOPMENT_TEAM = 8739VU9P7E;
				INFOPLIST_FILE = Noise/Info.plist;
				LD_RUNPATH_SEARCH_PATHS = (
					"$(inherited)",
					"@executable_path/Frameworks",
				);
				PRODUCT_BUNDLE_IDENTIFIER = at.frhlch.ios.test.Noise;
				PRODUCT_NAME = "$(TARGET_NAME)";
				SWIFT_VERSION = 4.0;
				TARGETED_DEVICE_FAMILY = "1,2";
			};
			name = Debug;
		};
		271F9ED32135D51B00115C8C /* Release */ = {
			isa = XCBuildConfiguration;
			baseConfigurationReference = C518B680C544DCAC19EE1A71 /* Pods-Noise.release.xcconfig */;
			buildSettings = {
				ASSETCATALOG_COMPILER_APPICON_NAME = AppIcon;
				CODE_SIGN_STYLE = Automatic;
				DEVELOPMENT_TEAM = 8739VU9P7E;
				INFOPLIST_FILE = Noise/Info.plist;
				LD_RUNPATH_SEARCH_PATHS = (
					"$(inherited)",
					"@executable_path/Frameworks",
				);
				PRODUCT_BUNDLE_IDENTIFIER = at.frhlch.ios.test.Noise;
				PRODUCT_NAME = "$(TARGET_NAME)";
				SWIFT_VERSION = 4.0;
				TARGETED_DEVICE_FAMILY = "1,2";
			};
			name = Release;
		};
		271F9ED52135D51B00115C8C /* Debug */ = {
			isa = XCBuildConfiguration;
			baseConfigurationReference = A6E97246365AA35E811A55E1 /* Pods-NoiseTests.debug.xcconfig */;
			buildSettings = {
				ALWAYS_EMBED_SWIFT_STANDARD_LIBRARIES = YES;
				BUNDLE_LOADER = "$(TEST_HOST)";
				CODE_SIGN_STYLE = Automatic;
				DEVELOPMENT_TEAM = 8739VU9P7E;
				INFOPLIST_FILE = NoiseTests/Info.plist;
				LD_RUNPATH_SEARCH_PATHS = (
					"$(inherited)",
					"@executable_path/Frameworks",
					"@loader_path/Frameworks",
				);
				PRODUCT_BUNDLE_IDENTIFIER = at.frhlch.ios.test.NoiseTests;
				PRODUCT_NAME = "$(TARGET_NAME)";
				SWIFT_VERSION = 4.0;
				TARGETED_DEVICE_FAMILY = "1,2";
				TEST_HOST = "$(BUILT_PRODUCTS_DIR)/Noise.app/Noise";
			};
			name = Debug;
		};
		271F9ED62135D51B00115C8C /* Release */ = {
			isa = XCBuildConfiguration;
			baseConfigurationReference = 986E882129E1A3F06A452CAC /* Pods-NoiseTests.release.xcconfig */;
			buildSettings = {
				ALWAYS_EMBED_SWIFT_STANDARD_LIBRARIES = YES;
				BUNDLE_LOADER = "$(TEST_HOST)";
				CODE_SIGN_STYLE = Automatic;
				DEVELOPMENT_TEAM = 8739VU9P7E;
				INFOPLIST_FILE = NoiseTests/Info.plist;
				LD_RUNPATH_SEARCH_PATHS = (
					"$(inherited)",
					"@executable_path/Frameworks",
					"@loader_path/Frameworks",
				);
				PRODUCT_BUNDLE_IDENTIFIER = at.frhlch.ios.test.NoiseTests;
				PRODUCT_NAME = "$(TARGET_NAME)";
				SWIFT_VERSION = 4.0;
				TARGETED_DEVICE_FAMILY = "1,2";
				TEST_HOST = "$(BUILT_PRODUCTS_DIR)/Noise.app/Noise";
			};
			name = Release;
		};
/* End XCBuildConfiguration section */

/* Begin XCConfigurationList section */
		271F9EAF2135D51800115C8C /* Build configuration list for PBXProject "Noise" */ = {
			isa = XCConfigurationList;
			buildConfigurations = (
				271F9ECF2135D51B00115C8C /* Debug */,
				271F9ED02135D51B00115C8C /* Release */,
			);
			defaultConfigurationIsVisible = 0;
			defaultConfigurationName = Release;
		};
		271F9ED12135D51B00115C8C /* Build configuration list for PBXNativeTarget "Noise" */ = {
			isa = XCConfigurationList;
			buildConfigurations = (
				271F9ED22135D51B00115C8C /* Debug */,
				271F9ED32135D51B00115C8C /* Release */,
			);
			defaultConfigurationIsVisible = 0;
			defaultConfigurationName = Release;
		};
		271F9ED42135D51B00115C8C /* Build configuration list for PBXNativeTarget "NoiseTests" */ = {
			isa = XCConfigurationList;
			buildConfigurations = (
				271F9ED52135D51B00115C8C /* Debug */,
				271F9ED62135D51B00115C8C /* Release */,
			);
			defaultConfigurationIsVisible = 0;
			defaultConfigurationName = Release;
		};
/* End XCConfigurationList section */
	};
	rootObject = 271F9EAC2135D51800115C8C /* Project object */;
}
