// !$*UTF8*$!
{
	archiveVersion = 1;
	classes = {
	};
	objectVersion = 51;
	objects = {

/* Begin PBXBuildFile section */
		2704A7A52416872200BFC24D /* ThemeProxyProvider.swift in Sources */ = {isa = PBXBuildFile; fileRef = 2704A7A42416872200BFC24D /* ThemeProxyProvider.swift */; };
		2704A7A82416872F00BFC24D /* DarkTheme.swift in Sources */ = {isa = PBXBuildFile; fileRef = 2704A7A72416872F00BFC24D /* DarkTheme.swift */; };
		271D158D213DD45A00F5B2DC /* SoundDelegate.swift in Sources */ = {isa = PBXBuildFile; fileRef = 271D158C213DD45A00F5B2DC /* SoundDelegate.swift */; };
		271D158F21406FBB00F5B2DC /* MixesViewController.swift in Sources */ = {isa = PBXBuildFile; fileRef = 271D158E21406FBB00F5B2DC /* MixesViewController.swift */; };
		271F9EB82135D51800115C8C /* AppDelegate.swift in Sources */ = {isa = PBXBuildFile; fileRef = 271F9EB72135D51800115C8C /* AppDelegate.swift */; };
		271F9EBA2135D51800115C8C /* NoiseViewController.swift in Sources */ = {isa = PBXBuildFile; fileRef = 271F9EB92135D51800115C8C /* NoiseViewController.swift */; };
		271F9EBD2135D51800115C8C /* Main.storyboard in Resources */ = {isa = PBXBuildFile; fileRef = 271F9EBB2135D51800115C8C /* Main.storyboard */; };
		271F9EBF2135D51A00115C8C /* Assets.xcassets in Resources */ = {isa = PBXBuildFile; fileRef = 271F9EBE2135D51A00115C8C /* Assets.xcassets */; };
		271F9EC22135D51A00115C8C /* LaunchScreen.storyboard in Resources */ = {isa = PBXBuildFile; fileRef = 271F9EC02135D51A00115C8C /* LaunchScreen.storyboard */; };
		271F9ECD2135D51B00115C8C /* NoiseTests.swift in Sources */ = {isa = PBXBuildFile; fileRef = 271F9ECC2135D51B00115C8C /* NoiseTests.swift */; };
		272C0C92215010C300C22ED0 /* AddSoundTableViewCell.swift in Sources */ = {isa = PBXBuildFile; fileRef = 272C0C91215010C300C22ED0 /* AddSoundTableViewCell.swift */; };
		273361DB215B7F0D006D696B /* OnboardingDelegate.swift in Sources */ = {isa = PBXBuildFile; fileRef = 273361DA215B7F0D006D696B /* OnboardingDelegate.swift */; };
		273361DD215B84BC006D696B /* TintedImageView.swift in Sources */ = {isa = PBXBuildFile; fileRef = 273361DC215B84BC006D696B /* TintedImageView.swift */; };
		275B0E4E2163C63800DD6520 /* PrivacyViewController.swift in Sources */ = {isa = PBXBuildFile; fileRef = 275B0E4D2163C63800DD6520 /* PrivacyViewController.swift */; };
		276DAEEF2416A95C002BC917 /* SettingsTableViewCell.swift in Sources */ = {isa = PBXBuildFile; fileRef = 276DAEEE2416A95C002BC917 /* SettingsTableViewCell.swift */; };
		276DAEF12416B290002BC917 /* InterfaceThemeDelegate.swift in Sources */ = {isa = PBXBuildFile; fileRef = 276DAEF02416B290002BC917 /* InterfaceThemeDelegate.swift */; };
		276DAEF32416B2C3002BC917 /* InterfaceThemeSubscriber.swift in Sources */ = {isa = PBXBuildFile; fileRef = 276DAEF22416B2C3002BC917 /* InterfaceThemeSubscriber.swift */; };
		2774C51A21592482009972F3 /* DownloadManager.swift in Sources */ = {isa = PBXBuildFile; fileRef = 2774C51921592482009972F3 /* DownloadManager.swift */; };
		2774C51C21592633009972F3 /* SoundDownloadTask.swift in Sources */ = {isa = PBXBuildFile; fileRef = 2774C51B21592633009972F3 /* SoundDownloadTask.swift */; };
		2774C51E21592A22009972F3 /* SoundSyncManager.swift in Sources */ = {isa = PBXBuildFile; fileRef = 2774C51D21592A22009972F3 /* SoundSyncManager.swift */; };
		2774C52021596A99009972F3 /* SettingsRepository.swift in Sources */ = {isa = PBXBuildFile; fileRef = 2774C51F21596A99009972F3 /* SettingsRepository.swift */; };
		2774C52221596B9C009972F3 /* UDSettingsRepository.swift in Sources */ = {isa = PBXBuildFile; fileRef = 2774C52121596B9C009972F3 /* UDSettingsRepository.swift */; };
		2774C52521596F4A009972F3 /* SplashScreenViewController.swift in Sources */ = {isa = PBXBuildFile; fileRef = 2774C52421596F4A009972F3 /* SplashScreenViewController.swift */; };
		2774C52721597690009972F3 /* AboutViewController.swift in Sources */ = {isa = PBXBuildFile; fileRef = 2774C52621597690009972F3 /* AboutViewController.swift */; };
		2774C52921598097009972F3 /* RatingManager.swift in Sources */ = {isa = PBXBuildFile; fileRef = 2774C52821598097009972F3 /* RatingManager.swift */; };
		2774C52B21598304009972F3 /* UpdateManager.swift in Sources */ = {isa = PBXBuildFile; fileRef = 2774C52A21598304009972F3 /* UpdateManager.swift */; };
		2774C53021598465009972F3 /* TransactionState.swift in Sources */ = {isa = PBXBuildFile; fileRef = 2774C52D21598461009972F3 /* TransactionState.swift */; };
		2774C53121598467009972F3 /* StoreKitManager.swift in Sources */ = {isa = PBXBuildFile; fileRef = 2774C52E21598461009972F3 /* StoreKitManager.swift */; };
		27A5B4AA21590F22005B0F2F /* UIApplication+StatusBar.swift in Sources */ = {isa = PBXBuildFile; fileRef = 27A5B4A921590F22005B0F2F /* UIApplication+StatusBar.swift */; };
		27B105FF2135D8150070A109 /* RoundedImageView.swift in Sources */ = {isa = PBXBuildFile; fileRef = 27B105FE2135D8150070A109 /* RoundedImageView.swift */; };
		27B106022135D8570070A109 /* InterfaceTheme.swift in Sources */ = {isa = PBXBuildFile; fileRef = 27B106012135D8570070A109 /* InterfaceTheme.swift */; };
		27B106052135D8BC0070A109 /* Injection.swift in Sources */ = {isa = PBXBuildFile; fileRef = 27B106042135D8BC0070A109 /* Injection.swift */; };
		27B106082135D8EA0070A109 /* DefaultTheme.swift in Sources */ = {isa = PBXBuildFile; fileRef = 27B106072135D8EA0070A109 /* DefaultTheme.swift */; };
		27B1060A2135DC5B0070A109 /* SoundTableViewCell.swift in Sources */ = {isa = PBXBuildFile; fileRef = 27B106092135DC5B0070A109 /* SoundTableViewCell.swift */; };
		27B1060C2135DCA40070A109 /* Sound.swift in Sources */ = {isa = PBXBuildFile; fileRef = 27B1060B2135DCA40070A109 /* Sound.swift */; };
		27BA64C7215A32260080D87D /* AudioBundle.swift in Sources */ = {isa = PBXBuildFile; fileRef = 27BA64C6215A32260080D87D /* AudioBundle.swift */; };
		27BA64CD215A92290080D87D /* StoreKit.framework in Frameworks */ = {isa = PBXBuildFile; fileRef = 27BA64CC215A92290080D87D /* StoreKit.framework */; };
		27BA64CF215B75050080D87D /* OnboardingPresentationController.swift in Sources */ = {isa = PBXBuildFile; fileRef = 27BA64CE215B75050080D87D /* OnboardingPresentationController.swift */; };
		27BA64D1215B7D280080D87D /* OnboardingViewController.swift in Sources */ = {isa = PBXBuildFile; fileRef = 27BA64D0215B7D280080D87D /* OnboardingViewController.swift */; };
		27BC36E5214FCC4E000AD98B /* EditMixtapeViewController.swift in Sources */ = {isa = PBXBuildFile; fileRef = 27BC36E4214FCC4E000AD98B /* EditMixtapeViewController.swift */; };
		27BD8D5B213C0443003DF079 /* AVFoundation.framework in Frameworks */ = {isa = PBXBuildFile; fileRef = 27BD8D5A213C0443003DF079 /* AVFoundation.framework */; };
		27BD8D5D213C05F2003DF079 /* AudioManager.swift in Sources */ = {isa = PBXBuildFile; fileRef = 27BD8D5C213C05F2003DF079 /* AudioManager.swift */; };
		27BD8D63213C17D4003DF079 /* AudioManagerState.swift in Sources */ = {isa = PBXBuildFile; fileRef = 27BD8D62213C17D4003DF079 /* AudioManagerState.swift */; };
		27BD8D65213C1ADA003DF079 /* Mixtape.swift in Sources */ = {isa = PBXBuildFile; fileRef = 27BD8D64213C1ADA003DF079 /* Mixtape.swift */; };
		27BD8D6A213C2674003DF079 /* BaseTabBarController.swift in Sources */ = {isa = PBXBuildFile; fileRef = 27BD8D69213C2674003DF079 /* BaseTabBarController.swift */; };
		27BD8D7C213C476A003DF079 /* MixtapeRepository.swift in Sources */ = {isa = PBXBuildFile; fileRef = 27BD8D7B213C476A003DF079 /* MixtapeRepository.swift */; };
		27BD8D7E213C481C003DF079 /* SoundRepository.swift in Sources */ = {isa = PBXBuildFile; fileRef = 27BD8D7D213C481C003DF079 /* SoundRepository.swift */; };
		27C7537D2158E4BC00905EFD /* LicenseDetailViewController.swift in Sources */ = {isa = PBXBuildFile; fileRef = 27C7537C2158E4BC00905EFD /* LicenseDetailViewController.swift */; };
		27C7537F2158E4C900905EFD /* AcknowledgmentsViewController.swift in Sources */ = {isa = PBXBuildFile; fileRef = 27C7537E2158E4C800905EFD /* AcknowledgmentsViewController.swift */; };
		27C753812158E55A00905EFD /* SettingsViewController.swift in Sources */ = {isa = PBXBuildFile; fileRef = 27C753802158E55A00905EFD /* SettingsViewController.swift */; };
		27C753832158E57000905EFD /* LicenseProvider.swift in Sources */ = {isa = PBXBuildFile; fileRef = 27C753822158E56F00905EFD /* LicenseProvider.swift */; };
		27C753852158E58500905EFD /* HardCodedLicenseProvider.swift in Sources */ = {isa = PBXBuildFile; fileRef = 27C753842158E58500905EFD /* HardCodedLicenseProvider.swift */; };
		27C753872158E59E00905EFD /* License.swift in Sources */ = {isa = PBXBuildFile; fileRef = 27C753862158E59E00905EFD /* License.swift */; };
		27C753892158EBEC00905EFD /* LicenseTableViewCell.swift in Sources */ = {isa = PBXBuildFile; fileRef = 27C753882158EBEC00905EFD /* LicenseTableViewCell.swift */; };
		27C911E32160314100DA6204 /* Sequence+stableSorted.swift in Sources */ = {isa = PBXBuildFile; fileRef = 27C911E22160314100DA6204 /* Sequence+stableSorted.swift */; };
		27C911E52160BF6B00DA6204 /* 001-autumn-rain.jpg in Resources */ = {isa = PBXBuildFile; fileRef = 27C911E42160BF6B00DA6204 /* 001-autumn-rain.jpg */; };
		27C911E72160BF7F00DA6204 /* 001-autumn-rain.mp3 in Resources */ = {isa = PBXBuildFile; fileRef = 27C911E62160BF7F00DA6204 /* 001-autumn-rain.mp3 */; };
		27C911E92160BFB600DA6204 /* 002-berlin-coffee-shop.jpg in Resources */ = {isa = PBXBuildFile; fileRef = 27C911E82160BFB600DA6204 /* 002-berlin-coffee-shop.jpg */; };
		27C911EB2160BFBD00DA6204 /* 002-berlin-coffee-shop.mp3 in Resources */ = {isa = PBXBuildFile; fileRef = 27C911EA2160BFBD00DA6204 /* 002-berlin-coffee-shop.mp3 */; };
		27C911EE2160C0B000DA6204 /* 031-public-pool.mp3 in Resources */ = {isa = PBXBuildFile; fileRef = 27C911ED2160C0B000DA6204 /* 031-public-pool.mp3 */; };
		27C911F02160C12200DA6204 /* 033-seaside-waves.jpg in Resources */ = {isa = PBXBuildFile; fileRef = 27C911EF2160C12200DA6204 /* 033-seaside-waves.jpg */; };
		27C911F32160C19300DA6204 /* 006-moderate-wind.mp3 in Resources */ = {isa = PBXBuildFile; fileRef = 27C911F22160C19300DA6204 /* 006-moderate-wind.mp3 */; };
		27C911F82160C1DD00DA6204 /* 012-small-river.mp3 in Resources */ = {isa = PBXBuildFile; fileRef = 27C911F72160C1DD00DA6204 /* 012-small-river.mp3 */; };
		27C911FB2160C25700DA6204 /* 014-relaxing-shower.jpg in Resources */ = {isa = PBXBuildFile; fileRef = 27C911FA2160C25700DA6204 /* 014-relaxing-shower.jpg */; };
		27C911FE2160C2A500DA6204 /* 016-city-ambience.mp3 in Resources */ = {isa = PBXBuildFile; fileRef = 27C911FD2160C2A500DA6204 /* 016-city-ambience.mp3 */; };
		27C912002160C31100DA6204 /* 004-small-wood-fire.jpg in Resources */ = {isa = PBXBuildFile; fileRef = 27C911FF2160C31100DA6204 /* 004-small-wood-fire.jpg */; };
		27C912022160C31E00DA6204 /* 004-small-wood-fire.mp3 in Resources */ = {isa = PBXBuildFile; fileRef = 27C912012160C31E00DA6204 /* 004-small-wood-fire.mp3 */; };
		27C912052160C36100DA6204 /* 019-rocky-mountains.mp3 in Resources */ = {isa = PBXBuildFile; fileRef = 27C912042160C36100DA6204 /* 019-rocky-mountains.mp3 */; };
		27C912082160C4AE00DA6204 /* 031-public-pool.jpg in Resources */ = {isa = PBXBuildFile; fileRef = 27C911EC2160C0AA00DA6204 /* 031-public-pool.jpg */; };
		27C912092160C4B400DA6204 /* 019-rocky-mountains.jpg in Resources */ = {isa = PBXBuildFile; fileRef = 27C912032160C35600DA6204 /* 019-rocky-mountains.jpg */; };
		27C9120A2160C4B700DA6204 /* 016-city-ambience.jpg in Resources */ = {isa = PBXBuildFile; fileRef = 27C911FC2160C29A00DA6204 /* 016-city-ambience.jpg */; };
		27C9120B2160C4BD00DA6204 /* 012-small-river.jpg in Resources */ = {isa = PBXBuildFile; fileRef = 27C911F52160C1C100DA6204 /* 012-small-river.jpg */; };
		27C9120C2160C4BF00DA6204 /* 006-moderate-wind.jpg in Resources */ = {isa = PBXBuildFile; fileRef = 27C911F42160C19900DA6204 /* 006-moderate-wind.jpg */; };
		27C9120D2160C4C200DA6204 /* 005-wind-chimes.jpg in Resources */ = {isa = PBXBuildFile; fileRef = 27C912062160C3A700DA6204 /* 005-wind-chimes.jpg */; };
		27C9120E2160C4D000DA6204 /* 005-wind-chimes.mp3 in Resources */ = {isa = PBXBuildFile; fileRef = 27C912072160C3AD00DA6204 /* 005-wind-chimes.mp3 */; };
		27C9120F2160C4D500DA6204 /* 014-relaxing-shower.mp3 in Resources */ = {isa = PBXBuildFile; fileRef = 27C911F92160C25100DA6204 /* 014-relaxing-shower.mp3 */; };
		27C912102160C4DC00DA6204 /* 033-seaside-waves.mp3 in Resources */ = {isa = PBXBuildFile; fileRef = 27C911F12160C12600DA6204 /* 033-seaside-waves.mp3 */; };
		27C912122160C4E500DA6204 /* 003-light-forest-rain.jpg in Resources */ = {isa = PBXBuildFile; fileRef = 27C912112160C4E500DA6204 /* 003-light-forest-rain.jpg */; };
		27C912142160C4EB00DA6204 /* 003-light-forest-rain.mp3 in Resources */ = {isa = PBXBuildFile; fileRef = 27C912132160C4EB00DA6204 /* 003-light-forest-rain.mp3 */; };
		27D025F9215F97F10052B23F /* ForceTouchGestureRecognizer.swift in Sources */ = {isa = PBXBuildFile; fileRef = 27D025F8215F97F10052B23F /* ForceTouchGestureRecognizer.swift */; };
		27D0BFA721501AE200B27FF0 /* SoundSelectionViewController.swift in Sources */ = {isa = PBXBuildFile; fileRef = 27D0BFA621501AE200B27FF0 /* SoundSelectionViewController.swift */; };
		27D0BFA9215021BC00B27FF0 /* SoundSelectionTableViewCell.swift in Sources */ = {isa = PBXBuildFile; fileRef = 27D0BFA8215021BB00B27FF0 /* SoundSelectionTableViewCell.swift */; };
		27D188FF2153712E00F5968F /* CoreDataModel.xcdatamodeld in Sources */ = {isa = PBXBuildFile; fileRef = 27D188FD2153712D00F5968F /* CoreDataModel.xcdatamodeld */; };
		27D18901215374D700F5968F /* SRSoundRepository.swift in Sources */ = {isa = PBXBuildFile; fileRef = 27D18900215374D700F5968F /* SRSoundRepository.swift */; };
		27D1890521537C0A00F5968F /* SRMixtapeRepository.swift in Sources */ = {isa = PBXBuildFile; fileRef = 27D1890421537C0A00F5968F /* SRMixtapeRepository.swift */; };
		27D189102155329400F5968F /* UIImage+FromFile.swift in Sources */ = {isa = PBXBuildFile; fileRef = 27D1890F2155329400F5968F /* UIImage+FromFile.swift */; };
		27D189122155338F00F5968F /* Filemanager+Filepath.swift in Sources */ = {isa = PBXBuildFile; fileRef = 27D189112155338F00F5968F /* Filemanager+Filepath.swift */; };
		27F52EF8214264350030102C /* NoisePreviewViewController.swift in Sources */ = {isa = PBXBuildFile; fileRef = 27F52EF7214264350030102C /* NoisePreviewViewController.swift */; };
		27F52EFA214266090030102C /* HapticFeedbackManager.swift in Sources */ = {isa = PBXBuildFile; fileRef = 27F52EF9214266090030102C /* HapticFeedbackManager.swift */; };
		27F52EFC21427E740030102C /* PrimaryButton.swift in Sources */ = {isa = PBXBuildFile; fileRef = 27F52EFB21427E740030102C /* PrimaryButton.swift */; };
		27F52F0121428F9D0030102C /* PlayingView.swift in Sources */ = {isa = PBXBuildFile; fileRef = 27F52F0021428F9D0030102C /* PlayingView.swift */; };
		27F52F03214291F10030102C /* playing.json in Resources */ = {isa = PBXBuildFile; fileRef = 27F52F02214291F10030102C /* playing.json */; };
		27F52F062142CEFD0030102C /* AudioManagerDelegate.swift in Sources */ = {isa = PBXBuildFile; fileRef = 27F52F052142CEFD0030102C /* AudioManagerDelegate.swift */; };
		27F52F082143C7BC0030102C /* SoundToolbar.swift in Sources */ = {isa = PBXBuildFile; fileRef = 27F52F072143C7BC0030102C /* SoundToolbar.swift */; };
		27F52F0A2143C9250030102C /* SoundToolbarDelegate.swift in Sources */ = {isa = PBXBuildFile; fileRef = 27F52F092143C9250030102C /* SoundToolbarDelegate.swift */; };
		27F52F0E2144495F0030102C /* cassette.json in Resources */ = {isa = PBXBuildFile; fileRef = 27F52F0D2144495F0030102C /* cassette.json */; };
		27F52F102144497B0030102C /* CassetteView.swift in Sources */ = {isa = PBXBuildFile; fileRef = 27F52F0F2144497A0030102C /* CassetteView.swift */; };
		27F52F1221457C110030102C /* CreateMixtapeTableViewCell.swift in Sources */ = {isa = PBXBuildFile; fileRef = 27F52F1121457C110030102C /* CreateMixtapeTableViewCell.swift */; };
		27F52F16214D4D790030102C /* RoundedView.swift in Sources */ = {isa = PBXBuildFile; fileRef = 27F52F15214D4D790030102C /* RoundedView.swift */; };
		27F52F18214D5E540030102C /* MixtapeTableViewCell.swift in Sources */ = {isa = PBXBuildFile; fileRef = 27F52F17214D5E540030102C /* MixtapeTableViewCell.swift */; };
		27F69168215FB35300468EEC /* InAppPurchaseTableViewCell.swift in Sources */ = {isa = PBXBuildFile; fileRef = 27F69167215FB35300468EEC /* InAppPurchaseTableViewCell.swift */; };
		27F6916A215FB3A800468EEC /* InAppPurchasesViewController.swift in Sources */ = {isa = PBXBuildFile; fileRef = 27F69169215FB3A800468EEC /* InAppPurchasesViewController.swift */; };
		27F6916C215FB4C300468EEC /* InAppPurchase.swift in Sources */ = {isa = PBXBuildFile; fileRef = 27F6916B215FB4C300468EEC /* InAppPurchase.swift */; };
		27F6916E215FC58F00468EEC /* RestorePurchasesTableViewCell.swift in Sources */ = {isa = PBXBuildFile; fileRef = 27F6916D215FC58F00468EEC /* RestorePurchasesTableViewCell.swift */; };
		27F69172215FF6E200468EEC /* CircleImageView.swift in Sources */ = {isa = PBXBuildFile; fileRef = 27F69171215FF6E200468EEC /* CircleImageView.swift */; };
		583AE971DA043231F16388F5 /* Pods_Noise.framework in Frameworks */ = {isa = PBXBuildFile; fileRef = 3C1E638CE87361824E6D3060 /* Pods_Noise.framework */; };
		B7002B48FD111E15949DEB80 /* Pods_NoiseTests.framework in Frameworks */ = {isa = PBXBuildFile; fileRef = 6CE8DD348B3534DA3F8A12B4 /* Pods_NoiseTests.framework */; };
/* End PBXBuildFile section */

/* Begin PBXContainerItemProxy section */
		271F9EC92135D51B00115C8C /* PBXContainerItemProxy */ = {
			isa = PBXContainerItemProxy;
			containerPortal = 271F9EAC2135D51800115C8C /* Project object */;
			proxyType = 1;
			remoteGlobalIDString = 271F9EB32135D51800115C8C;
			remoteInfo = Noise;
		};
/* End PBXContainerItemProxy section */

/* Begin PBXFileReference section */
		2704A7A42416872200BFC24D /* ThemeProxyProvider.swift */ = {isa = PBXFileReference; lastKnownFileType = sourcecode.swift; path = ThemeProxyProvider.swift; sourceTree = "<group>"; };
		2704A7A72416872F00BFC24D /* DarkTheme.swift */ = {isa = PBXFileReference; lastKnownFileType = sourcecode.swift; path = DarkTheme.swift; sourceTree = "<group>"; };
		271D158C213DD45A00F5B2DC /* SoundDelegate.swift */ = {isa = PBXFileReference; lastKnownFileType = sourcecode.swift; path = SoundDelegate.swift; sourceTree = "<group>"; };
		271D158E21406FBB00F5B2DC /* MixesViewController.swift */ = {isa = PBXFileReference; lastKnownFileType = sourcecode.swift; path = MixesViewController.swift; sourceTree = "<group>"; };
		271F9EB42135D51800115C8C /* Noise.app */ = {isa = PBXFileReference; explicitFileType = wrapper.application; includeInIndex = 0; path = Noise.app; sourceTree = BUILT_PRODUCTS_DIR; };
		271F9EB72135D51800115C8C /* AppDelegate.swift */ = {isa = PBXFileReference; lastKnownFileType = sourcecode.swift; path = AppDelegate.swift; sourceTree = "<group>"; };
		271F9EB92135D51800115C8C /* NoiseViewController.swift */ = {isa = PBXFileReference; lastKnownFileType = sourcecode.swift; path = NoiseViewController.swift; sourceTree = "<group>"; };
		271F9EBC2135D51800115C8C /* Base */ = {isa = PBXFileReference; lastKnownFileType = file.storyboard; name = Base; path = Base.lproj/Main.storyboard; sourceTree = "<group>"; };
		271F9EBE2135D51A00115C8C /* Assets.xcassets */ = {isa = PBXFileReference; lastKnownFileType = folder.assetcatalog; path = Assets.xcassets; sourceTree = "<group>"; };
		271F9EC12135D51A00115C8C /* Base */ = {isa = PBXFileReference; lastKnownFileType = file.storyboard; name = Base; path = Base.lproj/LaunchScreen.storyboard; sourceTree = "<group>"; };
		271F9EC32135D51A00115C8C /* Info.plist */ = {isa = PBXFileReference; lastKnownFileType = text.plist.xml; path = Info.plist; sourceTree = "<group>"; };
		271F9EC82135D51B00115C8C /* NoiseTests.xctest */ = {isa = PBXFileReference; explicitFileType = wrapper.cfbundle; includeInIndex = 0; path = NoiseTests.xctest; sourceTree = BUILT_PRODUCTS_DIR; };
		271F9ECC2135D51B00115C8C /* NoiseTests.swift */ = {isa = PBXFileReference; lastKnownFileType = sourcecode.swift; path = NoiseTests.swift; sourceTree = "<group>"; };
		271F9ECE2135D51B00115C8C /* Info.plist */ = {isa = PBXFileReference; lastKnownFileType = text.plist.xml; path = Info.plist; sourceTree = "<group>"; };
		272C0C91215010C300C22ED0 /* AddSoundTableViewCell.swift */ = {isa = PBXFileReference; lastKnownFileType = sourcecode.swift; path = AddSoundTableViewCell.swift; sourceTree = "<group>"; };
		273361DA215B7F0D006D696B /* OnboardingDelegate.swift */ = {isa = PBXFileReference; lastKnownFileType = sourcecode.swift; path = OnboardingDelegate.swift; sourceTree = "<group>"; };
		273361DC215B84BC006D696B /* TintedImageView.swift */ = {isa = PBXFileReference; lastKnownFileType = sourcecode.swift; path = TintedImageView.swift; sourceTree = "<group>"; };
		275B0E4D2163C63800DD6520 /* PrivacyViewController.swift */ = {isa = PBXFileReference; lastKnownFileType = sourcecode.swift; path = PrivacyViewController.swift; sourceTree = "<group>"; };
		276DAEEE2416A95C002BC917 /* SettingsTableViewCell.swift */ = {isa = PBXFileReference; lastKnownFileType = sourcecode.swift; path = SettingsTableViewCell.swift; sourceTree = "<group>"; };
		276DAEF02416B290002BC917 /* InterfaceThemeDelegate.swift */ = {isa = PBXFileReference; lastKnownFileType = sourcecode.swift; path = InterfaceThemeDelegate.swift; sourceTree = "<group>"; };
		276DAEF22416B2C3002BC917 /* InterfaceThemeSubscriber.swift */ = {isa = PBXFileReference; lastKnownFileType = sourcecode.swift; path = InterfaceThemeSubscriber.swift; sourceTree = "<group>"; };
		2774C51921592482009972F3 /* DownloadManager.swift */ = {isa = PBXFileReference; lastKnownFileType = sourcecode.swift; path = DownloadManager.swift; sourceTree = "<group>"; };
		2774C51B21592633009972F3 /* SoundDownloadTask.swift */ = {isa = PBXFileReference; lastKnownFileType = sourcecode.swift; path = SoundDownloadTask.swift; sourceTree = "<group>"; };
		2774C51D21592A22009972F3 /* SoundSyncManager.swift */ = {isa = PBXFileReference; lastKnownFileType = sourcecode.swift; path = SoundSyncManager.swift; sourceTree = "<group>"; };
		2774C51F21596A99009972F3 /* SettingsRepository.swift */ = {isa = PBXFileReference; lastKnownFileType = sourcecode.swift; path = SettingsRepository.swift; sourceTree = "<group>"; };
		2774C52121596B9C009972F3 /* UDSettingsRepository.swift */ = {isa = PBXFileReference; lastKnownFileType = sourcecode.swift; path = UDSettingsRepository.swift; sourceTree = "<group>"; };
		2774C52421596F4A009972F3 /* SplashScreenViewController.swift */ = {isa = PBXFileReference; lastKnownFileType = sourcecode.swift; path = SplashScreenViewController.swift; sourceTree = "<group>"; };
		2774C52621597690009972F3 /* AboutViewController.swift */ = {isa = PBXFileReference; lastKnownFileType = sourcecode.swift; path = AboutViewController.swift; sourceTree = "<group>"; };
		2774C52821598097009972F3 /* RatingManager.swift */ = {isa = PBXFileReference; lastKnownFileType = sourcecode.swift; path = RatingManager.swift; sourceTree = "<group>"; };
		2774C52A21598304009972F3 /* UpdateManager.swift */ = {isa = PBXFileReference; lastKnownFileType = sourcecode.swift; path = UpdateManager.swift; sourceTree = "<group>"; };
		2774C52D21598461009972F3 /* TransactionState.swift */ = {isa = PBXFileReference; lastKnownFileType = sourcecode.swift; path = TransactionState.swift; sourceTree = "<group>"; };
		2774C52E21598461009972F3 /* StoreKitManager.swift */ = {isa = PBXFileReference; lastKnownFileType = sourcecode.swift; path = StoreKitManager.swift; sourceTree = "<group>"; };
		27A5B4A921590F22005B0F2F /* UIApplication+StatusBar.swift */ = {isa = PBXFileReference; lastKnownFileType = sourcecode.swift; path = "UIApplication+StatusBar.swift"; sourceTree = "<group>"; };
		27B105FE2135D8150070A109 /* RoundedImageView.swift */ = {isa = PBXFileReference; lastKnownFileType = sourcecode.swift; path = RoundedImageView.swift; sourceTree = "<group>"; };
		27B106012135D8570070A109 /* InterfaceTheme.swift */ = {isa = PBXFileReference; lastKnownFileType = sourcecode.swift; path = InterfaceTheme.swift; sourceTree = "<group>"; };
		27B106042135D8BC0070A109 /* Injection.swift */ = {isa = PBXFileReference; lastKnownFileType = sourcecode.swift; path = Injection.swift; sourceTree = "<group>"; };
		27B106072135D8EA0070A109 /* DefaultTheme.swift */ = {isa = PBXFileReference; lastKnownFileType = sourcecode.swift; path = DefaultTheme.swift; sourceTree = "<group>"; };
		27B106092135DC5B0070A109 /* SoundTableViewCell.swift */ = {isa = PBXFileReference; lastKnownFileType = sourcecode.swift; path = SoundTableViewCell.swift; sourceTree = "<group>"; };
		27B1060B2135DCA40070A109 /* Sound.swift */ = {isa = PBXFileReference; lastKnownFileType = sourcecode.swift; path = Sound.swift; sourceTree = "<group>"; };
		27BA64C6215A32260080D87D /* AudioBundle.swift */ = {isa = PBXFileReference; lastKnownFileType = sourcecode.swift; path = AudioBundle.swift; sourceTree = "<group>"; };
		27BA64CC215A92290080D87D /* StoreKit.framework */ = {isa = PBXFileReference; lastKnownFileType = wrapper.framework; name = StoreKit.framework; path = System/Library/Frameworks/StoreKit.framework; sourceTree = SDKROOT; };
		27BA64CE215B75050080D87D /* OnboardingPresentationController.swift */ = {isa = PBXFileReference; lastKnownFileType = sourcecode.swift; path = OnboardingPresentationController.swift; sourceTree = "<group>"; };
		27BA64D0215B7D280080D87D /* OnboardingViewController.swift */ = {isa = PBXFileReference; lastKnownFileType = sourcecode.swift; path = OnboardingViewController.swift; sourceTree = "<group>"; };
		27BC36E4214FCC4E000AD98B /* EditMixtapeViewController.swift */ = {isa = PBXFileReference; lastKnownFileType = sourcecode.swift; path = EditMixtapeViewController.swift; sourceTree = "<group>"; };
		27BD8D5A213C0443003DF079 /* AVFoundation.framework */ = {isa = PBXFileReference; lastKnownFileType = wrapper.framework; name = AVFoundation.framework; path = System/Library/Frameworks/AVFoundation.framework; sourceTree = SDKROOT; };
		27BD8D5C213C05F2003DF079 /* AudioManager.swift */ = {isa = PBXFileReference; lastKnownFileType = sourcecode.swift; path = AudioManager.swift; sourceTree = "<group>"; };
		27BD8D62213C17D4003DF079 /* AudioManagerState.swift */ = {isa = PBXFileReference; lastKnownFileType = sourcecode.swift; path = AudioManagerState.swift; sourceTree = "<group>"; };
		27BD8D64213C1ADA003DF079 /* Mixtape.swift */ = {isa = PBXFileReference; lastKnownFileType = sourcecode.swift; path = Mixtape.swift; sourceTree = "<group>"; };
		27BD8D69213C2674003DF079 /* BaseTabBarController.swift */ = {isa = PBXFileReference; lastKnownFileType = sourcecode.swift; path = BaseTabBarController.swift; sourceTree = "<group>"; };
		27BD8D7B213C476A003DF079 /* MixtapeRepository.swift */ = {isa = PBXFileReference; lastKnownFileType = sourcecode.swift; path = MixtapeRepository.swift; sourceTree = "<group>"; };
		27BD8D7D213C481C003DF079 /* SoundRepository.swift */ = {isa = PBXFileReference; lastKnownFileType = sourcecode.swift; path = SoundRepository.swift; sourceTree = "<group>"; };
		27C7537C2158E4BC00905EFD /* LicenseDetailViewController.swift */ = {isa = PBXFileReference; lastKnownFileType = sourcecode.swift; path = LicenseDetailViewController.swift; sourceTree = "<group>"; };
		27C7537E2158E4C800905EFD /* AcknowledgmentsViewController.swift */ = {isa = PBXFileReference; lastKnownFileType = sourcecode.swift; path = AcknowledgmentsViewController.swift; sourceTree = "<group>"; };
		27C753802158E55A00905EFD /* SettingsViewController.swift */ = {isa = PBXFileReference; lastKnownFileType = sourcecode.swift; path = SettingsViewController.swift; sourceTree = "<group>"; };
		27C753822158E56F00905EFD /* LicenseProvider.swift */ = {isa = PBXFileReference; lastKnownFileType = sourcecode.swift; path = LicenseProvider.swift; sourceTree = "<group>"; };
		27C753842158E58500905EFD /* HardCodedLicenseProvider.swift */ = {isa = PBXFileReference; lastKnownFileType = sourcecode.swift; path = HardCodedLicenseProvider.swift; sourceTree = "<group>"; };
		27C753862158E59E00905EFD /* License.swift */ = {isa = PBXFileReference; fileEncoding = 4; lastKnownFileType = sourcecode.swift; path = License.swift; sourceTree = "<group>"; };
		27C753882158EBEC00905EFD /* LicenseTableViewCell.swift */ = {isa = PBXFileReference; lastKnownFileType = sourcecode.swift; path = LicenseTableViewCell.swift; sourceTree = "<group>"; };
		27C911E22160314100DA6204 /* Sequence+stableSorted.swift */ = {isa = PBXFileReference; lastKnownFileType = sourcecode.swift; path = "Sequence+stableSorted.swift"; sourceTree = "<group>"; };
		27C911E42160BF6B00DA6204 /* 001-autumn-rain.jpg */ = {isa = PBXFileReference; lastKnownFileType = image.jpeg; path = "001-autumn-rain.jpg"; sourceTree = "<group>"; };
		27C911E62160BF7F00DA6204 /* 001-autumn-rain.mp3 */ = {isa = PBXFileReference; lastKnownFileType = audio.mp3; path = "001-autumn-rain.mp3"; sourceTree = "<group>"; };
		27C911E82160BFB600DA6204 /* 002-berlin-coffee-shop.jpg */ = {isa = PBXFileReference; lastKnownFileType = image.jpeg; path = "002-berlin-coffee-shop.jpg"; sourceTree = "<group>"; };
		27C911EA2160BFBD00DA6204 /* 002-berlin-coffee-shop.mp3 */ = {isa = PBXFileReference; lastKnownFileType = audio.mp3; path = "002-berlin-coffee-shop.mp3"; sourceTree = "<group>"; };
		27C911EC2160C0AA00DA6204 /* 031-public-pool.jpg */ = {isa = PBXFileReference; lastKnownFileType = image.jpeg; path = "031-public-pool.jpg"; sourceTree = "<group>"; };
		27C911ED2160C0B000DA6204 /* 031-public-pool.mp3 */ = {isa = PBXFileReference; lastKnownFileType = audio.mp3; path = "031-public-pool.mp3"; sourceTree = "<group>"; };
		27C911EF2160C12200DA6204 /* 033-seaside-waves.jpg */ = {isa = PBXFileReference; lastKnownFileType = image.jpeg; path = "033-seaside-waves.jpg"; sourceTree = "<group>"; };
		27C911F12160C12600DA6204 /* 033-seaside-waves.mp3 */ = {isa = PBXFileReference; lastKnownFileType = audio.mp3; path = "033-seaside-waves.mp3"; sourceTree = "<group>"; };
		27C911F22160C19300DA6204 /* 006-moderate-wind.mp3 */ = {isa = PBXFileReference; lastKnownFileType = audio.mp3; path = "006-moderate-wind.mp3"; sourceTree = "<group>"; };
		27C911F42160C19900DA6204 /* 006-moderate-wind.jpg */ = {isa = PBXFileReference; lastKnownFileType = image.jpeg; path = "006-moderate-wind.jpg"; sourceTree = "<group>"; };
		27C911F52160C1C100DA6204 /* 012-small-river.jpg */ = {isa = PBXFileReference; lastKnownFileType = image.jpeg; path = "012-small-river.jpg"; sourceTree = "<group>"; };
		27C911F72160C1DD00DA6204 /* 012-small-river.mp3 */ = {isa = PBXFileReference; lastKnownFileType = audio.mp3; path = "012-small-river.mp3"; sourceTree = "<group>"; };
		27C911F92160C25100DA6204 /* 014-relaxing-shower.mp3 */ = {isa = PBXFileReference; lastKnownFileType = audio.mp3; path = "014-relaxing-shower.mp3"; sourceTree = "<group>"; };
		27C911FA2160C25700DA6204 /* 014-relaxing-shower.jpg */ = {isa = PBXFileReference; lastKnownFileType = image.jpeg; path = "014-relaxing-shower.jpg"; sourceTree = "<group>"; };
		27C911FC2160C29A00DA6204 /* 016-city-ambience.jpg */ = {isa = PBXFileReference; lastKnownFileType = image.jpeg; path = "016-city-ambience.jpg"; sourceTree = "<group>"; };
		27C911FD2160C2A500DA6204 /* 016-city-ambience.mp3 */ = {isa = PBXFileReference; lastKnownFileType = audio.mp3; path = "016-city-ambience.mp3"; sourceTree = "<group>"; };
		27C911FF2160C31100DA6204 /* 004-small-wood-fire.jpg */ = {isa = PBXFileReference; lastKnownFileType = image.jpeg; path = "004-small-wood-fire.jpg"; sourceTree = "<group>"; };
		27C912012160C31E00DA6204 /* 004-small-wood-fire.mp3 */ = {isa = PBXFileReference; lastKnownFileType = audio.mp3; path = "004-small-wood-fire.mp3"; sourceTree = "<group>"; };
		27C912032160C35600DA6204 /* 019-rocky-mountains.jpg */ = {isa = PBXFileReference; lastKnownFileType = image.jpeg; path = "019-rocky-mountains.jpg"; sourceTree = "<group>"; };
		27C912042160C36100DA6204 /* 019-rocky-mountains.mp3 */ = {isa = PBXFileReference; lastKnownFileType = audio.mp3; path = "019-rocky-mountains.mp3"; sourceTree = "<group>"; };
		27C912062160C3A700DA6204 /* 005-wind-chimes.jpg */ = {isa = PBXFileReference; lastKnownFileType = image.jpeg; path = "005-wind-chimes.jpg"; sourceTree = "<group>"; };
		27C912072160C3AD00DA6204 /* 005-wind-chimes.mp3 */ = {isa = PBXFileReference; lastKnownFileType = audio.mp3; path = "005-wind-chimes.mp3"; sourceTree = "<group>"; };
		27C912112160C4E500DA6204 /* 003-light-forest-rain.jpg */ = {isa = PBXFileReference; lastKnownFileType = image.jpeg; path = "003-light-forest-rain.jpg"; sourceTree = "<group>"; };
		27C912132160C4EB00DA6204 /* 003-light-forest-rain.mp3 */ = {isa = PBXFileReference; lastKnownFileType = audio.mp3; path = "003-light-forest-rain.mp3"; sourceTree = "<group>"; };
		27D025F8215F97F10052B23F /* ForceTouchGestureRecognizer.swift */ = {isa = PBXFileReference; lastKnownFileType = sourcecode.swift; path = ForceTouchGestureRecognizer.swift; sourceTree = "<group>"; };
		27D0BFA621501AE200B27FF0 /* SoundSelectionViewController.swift */ = {isa = PBXFileReference; lastKnownFileType = sourcecode.swift; path = SoundSelectionViewController.swift; sourceTree = "<group>"; };
		27D0BFA8215021BB00B27FF0 /* SoundSelectionTableViewCell.swift */ = {isa = PBXFileReference; lastKnownFileType = sourcecode.swift; path = SoundSelectionTableViewCell.swift; sourceTree = "<group>"; };
		27D188FE2153712E00F5968F /* CoreDataModel.xcdatamodel */ = {isa = PBXFileReference; lastKnownFileType = wrapper.xcdatamodel; path = CoreDataModel.xcdatamodel; sourceTree = "<group>"; };
		27D18900215374D700F5968F /* SRSoundRepository.swift */ = {isa = PBXFileReference; lastKnownFileType = sourcecode.swift; path = SRSoundRepository.swift; sourceTree = "<group>"; };
		27D1890421537C0A00F5968F /* SRMixtapeRepository.swift */ = {isa = PBXFileReference; lastKnownFileType = sourcecode.swift; path = SRMixtapeRepository.swift; sourceTree = "<group>"; };
		27D1890F2155329400F5968F /* UIImage+FromFile.swift */ = {isa = PBXFileReference; lastKnownFileType = sourcecode.swift; path = "UIImage+FromFile.swift"; sourceTree = "<group>"; };
		27D189112155338F00F5968F /* Filemanager+Filepath.swift */ = {isa = PBXFileReference; lastKnownFileType = sourcecode.swift; path = "Filemanager+Filepath.swift"; sourceTree = "<group>"; };
		27F52EF7214264350030102C /* NoisePreviewViewController.swift */ = {isa = PBXFileReference; lastKnownFileType = sourcecode.swift; path = NoisePreviewViewController.swift; sourceTree = "<group>"; };
		27F52EF9214266090030102C /* HapticFeedbackManager.swift */ = {isa = PBXFileReference; lastKnownFileType = sourcecode.swift; path = HapticFeedbackManager.swift; sourceTree = "<group>"; };
		27F52EFB21427E740030102C /* PrimaryButton.swift */ = {isa = PBXFileReference; lastKnownFileType = sourcecode.swift; path = PrimaryButton.swift; sourceTree = "<group>"; };
		27F52F0021428F9D0030102C /* PlayingView.swift */ = {isa = PBXFileReference; lastKnownFileType = sourcecode.swift; path = PlayingView.swift; sourceTree = "<group>"; };
		27F52F02214291F10030102C /* playing.json */ = {isa = PBXFileReference; fileEncoding = 4; lastKnownFileType = text.json; path = playing.json; sourceTree = "<group>"; };
		27F52F052142CEFD0030102C /* AudioManagerDelegate.swift */ = {isa = PBXFileReference; lastKnownFileType = sourcecode.swift; path = AudioManagerDelegate.swift; sourceTree = "<group>"; };
		27F52F072143C7BC0030102C /* SoundToolbar.swift */ = {isa = PBXFileReference; lastKnownFileType = sourcecode.swift; path = SoundToolbar.swift; sourceTree = "<group>"; };
		27F52F092143C9250030102C /* SoundToolbarDelegate.swift */ = {isa = PBXFileReference; lastKnownFileType = sourcecode.swift; path = SoundToolbarDelegate.swift; sourceTree = "<group>"; };
		27F52F0D2144495F0030102C /* cassette.json */ = {isa = PBXFileReference; fileEncoding = 4; lastKnownFileType = text.json; path = cassette.json; sourceTree = "<group>"; };
		27F52F0F2144497A0030102C /* CassetteView.swift */ = {isa = PBXFileReference; lastKnownFileType = sourcecode.swift; path = CassetteView.swift; sourceTree = "<group>"; };
		27F52F1121457C110030102C /* CreateMixtapeTableViewCell.swift */ = {isa = PBXFileReference; lastKnownFileType = sourcecode.swift; path = CreateMixtapeTableViewCell.swift; sourceTree = "<group>"; };
		27F52F15214D4D790030102C /* RoundedView.swift */ = {isa = PBXFileReference; lastKnownFileType = sourcecode.swift; path = RoundedView.swift; sourceTree = "<group>"; };
		27F52F17214D5E540030102C /* MixtapeTableViewCell.swift */ = {isa = PBXFileReference; lastKnownFileType = sourcecode.swift; path = MixtapeTableViewCell.swift; sourceTree = "<group>"; };
		27F69167215FB35300468EEC /* InAppPurchaseTableViewCell.swift */ = {isa = PBXFileReference; lastKnownFileType = sourcecode.swift; path = InAppPurchaseTableViewCell.swift; sourceTree = "<group>"; };
		27F69169215FB3A800468EEC /* InAppPurchasesViewController.swift */ = {isa = PBXFileReference; lastKnownFileType = sourcecode.swift; path = InAppPurchasesViewController.swift; sourceTree = "<group>"; };
		27F6916B215FB4C300468EEC /* InAppPurchase.swift */ = {isa = PBXFileReference; lastKnownFileType = sourcecode.swift; path = InAppPurchase.swift; sourceTree = "<group>"; };
		27F6916D215FC58F00468EEC /* RestorePurchasesTableViewCell.swift */ = {isa = PBXFileReference; lastKnownFileType = sourcecode.swift; path = RestorePurchasesTableViewCell.swift; sourceTree = "<group>"; };
		27F69171215FF6E200468EEC /* CircleImageView.swift */ = {isa = PBXFileReference; lastKnownFileType = sourcecode.swift; path = CircleImageView.swift; sourceTree = "<group>"; };
		3C1E638CE87361824E6D3060 /* Pods_Noise.framework */ = {isa = PBXFileReference; explicitFileType = wrapper.framework; includeInIndex = 0; path = Pods_Noise.framework; sourceTree = BUILT_PRODUCTS_DIR; };
		6CE8DD348B3534DA3F8A12B4 /* Pods_NoiseTests.framework */ = {isa = PBXFileReference; explicitFileType = wrapper.framework; includeInIndex = 0; path = Pods_NoiseTests.framework; sourceTree = BUILT_PRODUCTS_DIR; };
		6D1D76CE48FCFA85FC4EAC04 /* Pods-Noise.debug.xcconfig */ = {isa = PBXFileReference; includeInIndex = 1; lastKnownFileType = text.xcconfig; name = "Pods-Noise.debug.xcconfig"; path = "Pods/Target Support Files/Pods-Noise/Pods-Noise.debug.xcconfig"; sourceTree = "<group>"; };
		986E882129E1A3F06A452CAC /* Pods-NoiseTests.release.xcconfig */ = {isa = PBXFileReference; includeInIndex = 1; lastKnownFileType = text.xcconfig; name = "Pods-NoiseTests.release.xcconfig"; path = "Pods/Target Support Files/Pods-NoiseTests/Pods-NoiseTests.release.xcconfig"; sourceTree = "<group>"; };
		A6E97246365AA35E811A55E1 /* Pods-NoiseTests.debug.xcconfig */ = {isa = PBXFileReference; includeInIndex = 1; lastKnownFileType = text.xcconfig; name = "Pods-NoiseTests.debug.xcconfig"; path = "Pods/Target Support Files/Pods-NoiseTests/Pods-NoiseTests.debug.xcconfig"; sourceTree = "<group>"; };
		C518B680C544DCAC19EE1A71 /* Pods-Noise.release.xcconfig */ = {isa = PBXFileReference; includeInIndex = 1; lastKnownFileType = text.xcconfig; name = "Pods-Noise.release.xcconfig"; path = "Pods/Target Support Files/Pods-Noise/Pods-Noise.release.xcconfig"; sourceTree = "<group>"; };
/* End PBXFileReference section */

/* Begin PBXFrameworksBuildPhase section */
		271F9EB12135D51800115C8C /* Frameworks */ = {
			isa = PBXFrameworksBuildPhase;
			buildActionMask = 2147483647;
			files = (
				27BA64CD215A92290080D87D /* StoreKit.framework in Frameworks */,
				27BD8D5B213C0443003DF079 /* AVFoundation.framework in Frameworks */,
				583AE971DA043231F16388F5 /* Pods_Noise.framework in Frameworks */,
			);
			runOnlyForDeploymentPostprocessing = 0;
		};
		271F9EC52135D51B00115C8C /* Frameworks */ = {
			isa = PBXFrameworksBuildPhase;
			buildActionMask = 2147483647;
			files = (
				B7002B48FD111E15949DEB80 /* Pods_NoiseTests.framework in Frameworks */,
			);
			runOnlyForDeploymentPostprocessing = 0;
		};
/* End PBXFrameworksBuildPhase section */

/* Begin PBXGroup section */
		2704A7A62416872700BFC24D /* Themes */ = {
			isa = PBXGroup;
			children = (
				2704A7A72416872F00BFC24D /* DarkTheme.swift */,
				27B106072135D8EA0070A109 /* DefaultTheme.swift */,
			);
			path = Themes;
			sourceTree = "<group>";
		};
		271F9EAB2135D51800115C8C = {
			isa = PBXGroup;
			children = (
				271F9EB62135D51800115C8C /* Noise */,
				271F9ECB2135D51B00115C8C /* NoiseTests */,
				271F9EB52135D51800115C8C /* Products */,
				6B3BF3CE7C409B551A06BB05 /* Pods */,
				AC17B522FC20D1D97467BCBF /* Frameworks */,
			);
			sourceTree = "<group>";
		};
		271F9EB52135D51800115C8C /* Products */ = {
			isa = PBXGroup;
			children = (
				271F9EB42135D51800115C8C /* Noise.app */,
				271F9EC82135D51B00115C8C /* NoiseTests.xctest */,
			);
			name = Products;
			sourceTree = "<group>";
		};
		271F9EB62135D51800115C8C /* Noise */ = {
			isa = PBXGroup;
			children = (
				27B106032135D8B10070A109 /* Base */,
				27B105FC2135D7940070A109 /* Presentation */,
				27B106002135D84A0070A109 /* Model */,
				27B106062135D8C40070A109 /* Data */,
				271F9EC32135D51A00115C8C /* Info.plist */,
			);
			path = Noise;
			sourceTree = "<group>";
		};
		271F9ECB2135D51B00115C8C /* NoiseTests */ = {
			isa = PBXGroup;
			children = (
				271F9ECC2135D51B00115C8C /* NoiseTests.swift */,
				271F9ECE2135D51B00115C8C /* Info.plist */,
			);
			path = NoiseTests;
			sourceTree = "<group>";
		};
		2774C52321596F29009972F3 /* OnboardingScene */ = {
			isa = PBXGroup;
			children = (
				27BA64CE215B75050080D87D /* OnboardingPresentationController.swift */,
				27BA64D0215B7D280080D87D /* OnboardingViewController.swift */,
				273361DA215B7F0D006D696B /* OnboardingDelegate.swift */,
			);
			path = OnboardingScene;
			sourceTree = "<group>";
		};
		2774C52C21598461009972F3 /* StoreKitHandler */ = {
			isa = PBXGroup;
			children = (
				2774C52D21598461009972F3 /* TransactionState.swift */,
				2774C52E21598461009972F3 /* StoreKitManager.swift */,
			);
			path = StoreKitHandler;
			sourceTree = "<group>";
		};
		27A5B4AB21590F2E005B0F2F /* Extensions */ = {
			isa = PBXGroup;
			children = (
				27D1890F2155329400F5968F /* UIImage+FromFile.swift */,
				27D189112155338F00F5968F /* Filemanager+Filepath.swift */,
				27A5B4A921590F22005B0F2F /* UIApplication+StatusBar.swift */,
				27C911E22160314100DA6204 /* Sequence+stableSorted.swift */,
			);
			path = Extensions;
			sourceTree = "<group>";
		};
		27B105FC2135D7940070A109 /* Presentation */ = {
			isa = PBXGroup;
			children = (
				27BD8D69213C2674003DF079 /* BaseTabBarController.swift */,
				2774C52421596F4A009972F3 /* SplashScreenViewController.swift */,
				2774C52321596F29009972F3 /* OnboardingScene */,
				27BD8D66213C23C4003DF079 /* Mixes Scene */,
				27BD8D67213C23D4003DF079 /* Noises Scene */,
				27BD8D68213C23DD003DF079 /* Settings Scene */,
				27B105FD2135D79B0070A109 /* Views */,
				271F9EBB2135D51800115C8C /* Main.storyboard */,
				271F9EC02135D51A00115C8C /* LaunchScreen.storyboard */,
				271F9EBE2135D51A00115C8C /* Assets.xcassets */,
			);
			path = Presentation;
			sourceTree = "<group>";
		};
		27B105FD2135D79B0070A109 /* Views */ = {
			isa = PBXGroup;
			children = (
				273361DC215B84BC006D696B /* TintedImageView.swift */,
				27F52F15214D4D790030102C /* RoundedView.swift */,
				27F69171215FF6E200468EEC /* CircleImageView.swift */,
				27B105FE2135D8150070A109 /* RoundedImageView.swift */,
				27F52EFB21427E740030102C /* PrimaryButton.swift */,
				27F52F0021428F9D0030102C /* PlayingView.swift */,
				27F52F0F2144497A0030102C /* CassetteView.swift */,
				27F52F092143C9250030102C /* SoundToolbarDelegate.swift */,
				27F52F072143C7BC0030102C /* SoundToolbar.swift */,
				27B106092135DC5B0070A109 /* SoundTableViewCell.swift */,
				27F52F1121457C110030102C /* CreateMixtapeTableViewCell.swift */,
				27F52F17214D5E540030102C /* MixtapeTableViewCell.swift */,
				272C0C91215010C300C22ED0 /* AddSoundTableViewCell.swift */,
				27D0BFA8215021BB00B27FF0 /* SoundSelectionTableViewCell.swift */,
				27C753882158EBEC00905EFD /* LicenseTableViewCell.swift */,
				27F69167215FB35300468EEC /* InAppPurchaseTableViewCell.swift */,
				27F6916D215FC58F00468EEC /* RestorePurchasesTableViewCell.swift */,
				276DAEEE2416A95C002BC917 /* SettingsTableViewCell.swift */,
			);
			path = Views;
			sourceTree = "<group>";
		};
		27B106002135D84A0070A109 /* Model */ = {
			isa = PBXGroup;
			children = (
				27D188FD2153712D00F5968F /* CoreDataModel.xcdatamodeld */,
				27B106012135D8570070A109 /* InterfaceTheme.swift */,
				276DAEF22416B2C3002BC917 /* InterfaceThemeSubscriber.swift */,
				276DAEF02416B290002BC917 /* InterfaceThemeDelegate.swift */,
				2774C51F21596A99009972F3 /* SettingsRepository.swift */,
				27C753822158E56F00905EFD /* LicenseProvider.swift */,
				27BD8D7B213C476A003DF079 /* MixtapeRepository.swift */,
				27BD8D7D213C481C003DF079 /* SoundRepository.swift */,
				271D158C213DD45A00F5B2DC /* SoundDelegate.swift */,
				2774C51B21592633009972F3 /* SoundDownloadTask.swift */,
				27B1060B2135DCA40070A109 /* Sound.swift */,
				27BD8D64213C1ADA003DF079 /* Mixtape.swift */,
				27C753862158E59E00905EFD /* License.swift */,
				27F6916B215FB4C300468EEC /* InAppPurchase.swift */,
			);
			path = Model;
			sourceTree = "<group>";
		};
		27B106032135D8B10070A109 /* Base */ = {
			isa = PBXGroup;
			children = (
				27D025F5215F91330052B23F /* ForceTouchRecognizer */,
				27A5B4AB21590F2E005B0F2F /* Extensions */,
				2774C52C21598461009972F3 /* StoreKitHandler */,
				27F52F042142CEE90030102C /* AudioManager */,
				271F9EB72135D51800115C8C /* AppDelegate.swift */,
				27B106042135D8BC0070A109 /* Injection.swift */,
				27F52EF9214266090030102C /* HapticFeedbackManager.swift */,
				2774C52821598097009972F3 /* RatingManager.swift */,
				2774C52A21598304009972F3 /* UpdateManager.swift */,
				2774C51921592482009972F3 /* DownloadManager.swift */,
				2774C51D21592A22009972F3 /* SoundSyncManager.swift */,
			);
			path = Base;
			sourceTree = "<group>";
		};
		27B106062135D8C40070A109 /* Data */ = {
			isa = PBXGroup;
			children = (
				2704A7A62416872700BFC24D /* Themes */,
				27D1890621538BF700F5968F /* Images */,
				27F52EFF21428E470030102C /* Animations */,
				27BD8D57213BF4E6003DF079 /* Sounds */,
				27D18900215374D700F5968F /* SRSoundRepository.swift */,
				27D1890421537C0A00F5968F /* SRMixtapeRepository.swift */,
				27C753842158E58500905EFD /* HardCodedLicenseProvider.swift */,
				2774C52121596B9C009972F3 /* UDSettingsRepository.swift */,
				2704A7A42416872200BFC24D /* ThemeProxyProvider.swift */,
			);
			path = Data;
			sourceTree = "<group>";
		};
		27BD8D57213BF4E6003DF079 /* Sounds */ = {
			isa = PBXGroup;
			children = (
				27C911E62160BF7F00DA6204 /* 001-autumn-rain.mp3 */,
				27C911EA2160BFBD00DA6204 /* 002-berlin-coffee-shop.mp3 */,
				27C912132160C4EB00DA6204 /* 003-light-forest-rain.mp3 */,
				27C912012160C31E00DA6204 /* 004-small-wood-fire.mp3 */,
				27C912072160C3AD00DA6204 /* 005-wind-chimes.mp3 */,
				27C911F22160C19300DA6204 /* 006-moderate-wind.mp3 */,
				27C911F72160C1DD00DA6204 /* 012-small-river.mp3 */,
				27C911F92160C25100DA6204 /* 014-relaxing-shower.mp3 */,
				27C911FD2160C2A500DA6204 /* 016-city-ambience.mp3 */,
				27C912042160C36100DA6204 /* 019-rocky-mountains.mp3 */,
				27C911ED2160C0B000DA6204 /* 031-public-pool.mp3 */,
				27C911F12160C12600DA6204 /* 033-seaside-waves.mp3 */,
			);
			path = Sounds;
			sourceTree = "<group>";
		};
		27BD8D66213C23C4003DF079 /* Mixes Scene */ = {
			isa = PBXGroup;
			children = (
				271D158E21406FBB00F5B2DC /* MixesViewController.swift */,
				27BC36E4214FCC4E000AD98B /* EditMixtapeViewController.swift */,
				27D0BFA621501AE200B27FF0 /* SoundSelectionViewController.swift */,
			);
			path = "Mixes Scene";
			sourceTree = "<group>";
		};
		27BD8D67213C23D4003DF079 /* Noises Scene */ = {
			isa = PBXGroup;
			children = (
				271F9EB92135D51800115C8C /* NoiseViewController.swift */,
				27F52EF7214264350030102C /* NoisePreviewViewController.swift */,
			);
			path = "Noises Scene";
			sourceTree = "<group>";
		};
		27BD8D68213C23DD003DF079 /* Settings Scene */ = {
			isa = PBXGroup;
			children = (
				27C753802158E55A00905EFD /* SettingsViewController.swift */,
				27C7537C2158E4BC00905EFD /* LicenseDetailViewController.swift */,
				27C7537E2158E4C800905EFD /* AcknowledgmentsViewController.swift */,
				2774C52621597690009972F3 /* AboutViewController.swift */,
				27F69169215FB3A800468EEC /* InAppPurchasesViewController.swift */,
				275B0E4D2163C63800DD6520 /* PrivacyViewController.swift */,
			);
			path = "Settings Scene";
			sourceTree = "<group>";
		};
		27D025F5215F91330052B23F /* ForceTouchRecognizer */ = {
			isa = PBXGroup;
			children = (
				27D025F8215F97F10052B23F /* ForceTouchGestureRecognizer.swift */,
			);
			path = ForceTouchRecognizer;
			sourceTree = "<group>";
		};
		27D1890621538BF700F5968F /* Images */ = {
			isa = PBXGroup;
			children = (
				27C911E42160BF6B00DA6204 /* 001-autumn-rain.jpg */,
				27C911E82160BFB600DA6204 /* 002-berlin-coffee-shop.jpg */,
				27C912112160C4E500DA6204 /* 003-light-forest-rain.jpg */,
				27C911FF2160C31100DA6204 /* 004-small-wood-fire.jpg */,
				27C912062160C3A700DA6204 /* 005-wind-chimes.jpg */,
				27C911F42160C19900DA6204 /* 006-moderate-wind.jpg */,
				27C911F52160C1C100DA6204 /* 012-small-river.jpg */,
				27C911FA2160C25700DA6204 /* 014-relaxing-shower.jpg */,
				27C911FC2160C29A00DA6204 /* 016-city-ambience.jpg */,
				27C912032160C35600DA6204 /* 019-rocky-mountains.jpg */,
				27C911EC2160C0AA00DA6204 /* 031-public-pool.jpg */,
				27C911EF2160C12200DA6204 /* 033-seaside-waves.jpg */,
			);
			path = Images;
			sourceTree = "<group>";
		};
		27F52EFF21428E470030102C /* Animations */ = {
			isa = PBXGroup;
			children = (
				27F52F0D2144495F0030102C /* cassette.json */,
				27F52F02214291F10030102C /* playing.json */,
			);
			path = Animations;
			sourceTree = "<group>";
		};
		27F52F042142CEE90030102C /* AudioManager */ = {
			isa = PBXGroup;
			children = (
				27BD8D5C213C05F2003DF079 /* AudioManager.swift */,
				27BD8D62213C17D4003DF079 /* AudioManagerState.swift */,
				27F52F052142CEFD0030102C /* AudioManagerDelegate.swift */,
				27BA64C6215A32260080D87D /* AudioBundle.swift */,
			);
			path = AudioManager;
			sourceTree = "<group>";
		};
		6B3BF3CE7C409B551A06BB05 /* Pods */ = {
			isa = PBXGroup;
			children = (
				6D1D76CE48FCFA85FC4EAC04 /* Pods-Noise.debug.xcconfig */,
				C518B680C544DCAC19EE1A71 /* Pods-Noise.release.xcconfig */,
				A6E97246365AA35E811A55E1 /* Pods-NoiseTests.debug.xcconfig */,
				986E882129E1A3F06A452CAC /* Pods-NoiseTests.release.xcconfig */,
			);
			name = Pods;
			sourceTree = "<group>";
		};
		AC17B522FC20D1D97467BCBF /* Frameworks */ = {
			isa = PBXGroup;
			children = (
				27BA64CC215A92290080D87D /* StoreKit.framework */,
				27BD8D5A213C0443003DF079 /* AVFoundation.framework */,
				3C1E638CE87361824E6D3060 /* Pods_Noise.framework */,
				6CE8DD348B3534DA3F8A12B4 /* Pods_NoiseTests.framework */,
			);
			name = Frameworks;
			sourceTree = "<group>";
		};
/* End PBXGroup section */

/* Begin PBXNativeTarget section */
		271F9EB32135D51800115C8C /* Noise */ = {
			isa = PBXNativeTarget;
			buildConfigurationList = 271F9ED12135D51B00115C8C /* Build configuration list for PBXNativeTarget "Noise" */;
			buildPhases = (
				641A35FAC70467F6C1D03AD7 /* [CP] Check Pods Manifest.lock */,
				271F9EB02135D51800115C8C /* Sources */,
				271F9EB12135D51800115C8C /* Frameworks */,
				271F9EB22135D51800115C8C /* Resources */,
				4B46C26FBAD86A32FA66F760 /* [CP] Embed Pods Frameworks */,
			);
			buildRules = (
			);
			dependencies = (
			);
			name = Noise;
			productName = Noise;
			productReference = 271F9EB42135D51800115C8C /* Noise.app */;
			productType = "com.apple.product-type.application";
		};
		271F9EC72135D51B00115C8C /* NoiseTests */ = {
			isa = PBXNativeTarget;
			buildConfigurationList = 271F9ED42135D51B00115C8C /* Build configuration list for PBXNativeTarget "NoiseTests" */;
			buildPhases = (
				04BCF4AFBD355D496BC0AE37 /* [CP] Check Pods Manifest.lock */,
				271F9EC42135D51B00115C8C /* Sources */,
				271F9EC52135D51B00115C8C /* Frameworks */,
				271F9EC62135D51B00115C8C /* Resources */,
			);
			buildRules = (
			);
			dependencies = (
				271F9ECA2135D51B00115C8C /* PBXTargetDependency */,
			);
			name = NoiseTests;
			productName = NoiseTests;
			productReference = 271F9EC82135D51B00115C8C /* NoiseTests.xctest */;
			productType = "com.apple.product-type.bundle.unit-test";
		};
/* End PBXNativeTarget section */

/* Begin PBXProject section */
		271F9EAC2135D51800115C8C /* Project object */ = {
			isa = PBXProject;
			attributes = {
				LastSwiftUpdateCheck = 0940;
				LastUpgradeCheck = 0940;
				ORGANIZATIONNAME = "Michael Fröhlich";
				TargetAttributes = {
					271F9EB32135D51800115C8C = {
						CreatedOnToolsVersion = 9.4.1;
						SystemCapabilities = {
							com.apple.BackgroundModes = {
								enabled = 1;
							};
							com.apple.InAppPurchase = {
								enabled = 1;
							};
						};
					};
					271F9EC72135D51B00115C8C = {
						CreatedOnToolsVersion = 9.4.1;
						TestTargetID = 271F9EB32135D51800115C8C;
					};
				};
			};
			buildConfigurationList = 271F9EAF2135D51800115C8C /* Build configuration list for PBXProject "Noise" */;
			compatibilityVersion = "Xcode 9.3";
			developmentRegion = en;
			hasScannedForEncodings = 0;
			knownRegions = (
				en,
				Base,
			);
			mainGroup = 271F9EAB2135D51800115C8C;
			productRefGroup = 271F9EB52135D51800115C8C /* Products */;
			projectDirPath = "";
			projectRoot = "";
			targets = (
				271F9EB32135D51800115C8C /* Noise */,
				271F9EC72135D51B00115C8C /* NoiseTests */,
			);
		};
/* End PBXProject section */

/* Begin PBXResourcesBuildPhase section */
		271F9EB22135D51800115C8C /* Resources */ = {
			isa = PBXResourcesBuildPhase;
			buildActionMask = 2147483647;
			files = (
				27C9120E2160C4D000DA6204 /* 005-wind-chimes.mp3 in Resources */,
				27C911EE2160C0B000DA6204 /* 031-public-pool.mp3 in Resources */,
				27C911E92160BFB600DA6204 /* 002-berlin-coffee-shop.jpg in Resources */,
				27C911F82160C1DD00DA6204 /* 012-small-river.mp3 in Resources */,
				27C911F32160C19300DA6204 /* 006-moderate-wind.mp3 in Resources */,
				27F52F03214291F10030102C /* playing.json in Resources */,
				27C9120F2160C4D500DA6204 /* 014-relaxing-shower.mp3 in Resources */,
				27C912102160C4DC00DA6204 /* 033-seaside-waves.mp3 in Resources */,
				27C912052160C36100DA6204 /* 019-rocky-mountains.mp3 in Resources */,
				27C9120A2160C4B700DA6204 /* 016-city-ambience.jpg in Resources */,
				27C912022160C31E00DA6204 /* 004-small-wood-fire.mp3 in Resources */,
				27C9120C2160C4BF00DA6204 /* 006-moderate-wind.jpg in Resources */,
				27C912142160C4EB00DA6204 /* 003-light-forest-rain.mp3 in Resources */,
				27C911E52160BF6B00DA6204 /* 001-autumn-rain.jpg in Resources */,
				27C912092160C4B400DA6204 /* 019-rocky-mountains.jpg in Resources */,
				27C911F02160C12200DA6204 /* 033-seaside-waves.jpg in Resources */,
				27C912082160C4AE00DA6204 /* 031-public-pool.jpg in Resources */,
				27C911EB2160BFBD00DA6204 /* 002-berlin-coffee-shop.mp3 in Resources */,
				271F9EC22135D51A00115C8C /* LaunchScreen.storyboard in Resources */,
				27C912002160C31100DA6204 /* 004-small-wood-fire.jpg in Resources */,
				27C911FB2160C25700DA6204 /* 014-relaxing-shower.jpg in Resources */,
				271F9EBF2135D51A00115C8C /* Assets.xcassets in Resources */,
				271F9EBD2135D51800115C8C /* Main.storyboard in Resources */,
				27C911FE2160C2A500DA6204 /* 016-city-ambience.mp3 in Resources */,
				27C9120D2160C4C200DA6204 /* 005-wind-chimes.jpg in Resources */,
				27C911E72160BF7F00DA6204 /* 001-autumn-rain.mp3 in Resources */,
				27C9120B2160C4BD00DA6204 /* 012-small-river.jpg in Resources */,
				27F52F0E2144495F0030102C /* cassette.json in Resources */,
				27C912122160C4E500DA6204 /* 003-light-forest-rain.jpg in Resources */,
			);
			runOnlyForDeploymentPostprocessing = 0;
		};
		271F9EC62135D51B00115C8C /* Resources */ = {
			isa = PBXResourcesBuildPhase;
			buildActionMask = 2147483647;
			files = (
			);
			runOnlyForDeploymentPostprocessing = 0;
		};
/* End PBXResourcesBuildPhase section */

/* Begin PBXShellScriptBuildPhase section */
		04BCF4AFBD355D496BC0AE37 /* [CP] Check Pods Manifest.lock */ = {
			isa = PBXShellScriptBuildPhase;
			buildActionMask = 2147483647;
			files = (
			);
			inputPaths = (
				"${PODS_PODFILE_DIR_PATH}/Podfile.lock",
				"${PODS_ROOT}/Manifest.lock",
			);
			name = "[CP] Check Pods Manifest.lock";
			outputPaths = (
				"$(DERIVED_FILE_DIR)/Pods-NoiseTests-checkManifestLockResult.txt",
			);
			runOnlyForDeploymentPostprocessing = 0;
			shellPath = /bin/sh;
			shellScript = "diff \"${PODS_PODFILE_DIR_PATH}/Podfile.lock\" \"${PODS_ROOT}/Manifest.lock\" > /dev/null\nif [ $? != 0 ] ; then\n    # print error to STDERR\n    echo \"error: The sandbox is not in sync with the Podfile.lock. Run 'pod install' or update your CocoaPods installation.\" >&2\n    exit 1\nfi\n# This output is used by Xcode 'outputs' to avoid re-running this script phase.\necho \"SUCCESS\" > \"${SCRIPT_OUTPUT_FILE_0}\"\n";
			showEnvVarsInLog = 0;
		};
		4B46C26FBAD86A32FA66F760 /* [CP] Embed Pods Frameworks */ = {
			isa = PBXShellScriptBuildPhase;
			buildActionMask = 2147483647;
			files = (
			);
			inputFileListPaths = (
				"${PODS_ROOT}/Target Support Files/Pods-Noise/Pods-Noise-frameworks-${CONFIGURATION}-input-files.xcfilelist",
			);
			name = "[CP] Embed Pods Frameworks";
			outputFileListPaths = (
				"${PODS_ROOT}/Target Support Files/Pods-Noise/Pods-Noise-frameworks-${CONFIGURATION}-output-files.xcfilelist",
			);
			runOnlyForDeploymentPostprocessing = 0;
			shellPath = /bin/sh;
			shellScript = "\"${PODS_ROOT}/Target Support Files/Pods-Noise/Pods-Noise-frameworks.sh\"\n";
			showEnvVarsInLog = 0;
		};
		641A35FAC70467F6C1D03AD7 /* [CP] Check Pods Manifest.lock */ = {
			isa = PBXShellScriptBuildPhase;
			buildActionMask = 2147483647;
			files = (
			);
			inputPaths = (
				"${PODS_PODFILE_DIR_PATH}/Podfile.lock",
				"${PODS_ROOT}/Manifest.lock",
			);
			name = "[CP] Check Pods Manifest.lock";
			outputPaths = (
				"$(DERIVED_FILE_DIR)/Pods-Noise-checkManifestLockResult.txt",
			);
			runOnlyForDeploymentPostprocessing = 0;
			shellPath = /bin/sh;
			shellScript = "diff \"${PODS_PODFILE_DIR_PATH}/Podfile.lock\" \"${PODS_ROOT}/Manifest.lock\" > /dev/null\nif [ $? != 0 ] ; then\n    # print error to STDERR\n    echo \"error: The sandbox is not in sync with the Podfile.lock. Run 'pod install' or update your CocoaPods installation.\" >&2\n    exit 1\nfi\n# This output is used by Xcode 'outputs' to avoid re-running this script phase.\necho \"SUCCESS\" > \"${SCRIPT_OUTPUT_FILE_0}\"\n";
			showEnvVarsInLog = 0;
		};
/* End PBXShellScriptBuildPhase section */

/* Begin PBXSourcesBuildPhase section */
		271F9EB02135D51800115C8C /* Sources */ = {
			isa = PBXSourcesBuildPhase;
			buildActionMask = 2147483647;
			files = (
				271D158F21406FBB00F5B2DC /* MixesViewController.swift in Sources */,
				27F6916C215FB4C300468EEC /* InAppPurchase.swift in Sources */,
				272C0C92215010C300C22ED0 /* AddSoundTableViewCell.swift in Sources */,
				276DAEF32416B2C3002BC917 /* InterfaceThemeSubscriber.swift in Sources */,
				27D0BFA9215021BC00B27FF0 /* SoundSelectionTableViewCell.swift in Sources */,
				27D025F9215F97F10052B23F /* ForceTouchGestureRecognizer.swift in Sources */,
				27C753812158E55A00905EFD /* SettingsViewController.swift in Sources */,
				27F52F0121428F9D0030102C /* PlayingView.swift in Sources */,
				2704A7A52416872200BFC24D /* ThemeProxyProvider.swift in Sources */,
				27F52EFA214266090030102C /* HapticFeedbackManager.swift in Sources */,
				27C911E32160314100DA6204 /* Sequence+stableSorted.swift in Sources */,
				27F6916E215FC58F00468EEC /* RestorePurchasesTableViewCell.swift in Sources */,
				27B106052135D8BC0070A109 /* Injection.swift in Sources */,
				276DAEF12416B290002BC917 /* InterfaceThemeDelegate.swift in Sources */,
				2774C52221596B9C009972F3 /* UDSettingsRepository.swift in Sources */,
				27D189122155338F00F5968F /* Filemanager+Filepath.swift in Sources */,
				2774C52721597690009972F3 /* AboutViewController.swift in Sources */,
				27D189102155329400F5968F /* UIImage+FromFile.swift in Sources */,
				27C753892158EBEC00905EFD /* LicenseTableViewCell.swift in Sources */,
				27C753872158E59E00905EFD /* License.swift in Sources */,
				27BA64D1215B7D280080D87D /* OnboardingViewController.swift in Sources */,
				27F52F062142CEFD0030102C /* AudioManagerDelegate.swift in Sources */,
				27C7537F2158E4C900905EFD /* AcknowledgmentsViewController.swift in Sources */,
				27B1060A2135DC5B0070A109 /* SoundTableViewCell.swift in Sources */,
				27C7537D2158E4BC00905EFD /* LicenseDetailViewController.swift in Sources */,
				27F52F18214D5E540030102C /* MixtapeTableViewCell.swift in Sources */,
				27BD8D6A213C2674003DF079 /* BaseTabBarController.swift in Sources */,
				2774C51E21592A22009972F3 /* SoundSyncManager.swift in Sources */,
				27D188FF2153712E00F5968F /* CoreDataModel.xcdatamodeld in Sources */,
				27F69172215FF6E200468EEC /* CircleImageView.swift in Sources */,
				27B105FF2135D8150070A109 /* RoundedImageView.swift in Sources */,
				2774C52021596A99009972F3 /* SettingsRepository.swift in Sources */,
				273361DB215B7F0D006D696B /* OnboardingDelegate.swift in Sources */,
				273361DD215B84BC006D696B /* TintedImageView.swift in Sources */,
				27D1890521537C0A00F5968F /* SRMixtapeRepository.swift in Sources */,
				27BC36E5214FCC4E000AD98B /* EditMixtapeViewController.swift in Sources */,
				27D0BFA721501AE200B27FF0 /* SoundSelectionViewController.swift in Sources */,
				27F52F1221457C110030102C /* CreateMixtapeTableViewCell.swift in Sources */,
				27F69168215FB35300468EEC /* InAppPurchaseTableViewCell.swift in Sources */,
				27BD8D7E213C481C003DF079 /* SoundRepository.swift in Sources */,
				27BD8D63213C17D4003DF079 /* AudioManagerState.swift in Sources */,
				2774C53121598467009972F3 /* StoreKitManager.swift in Sources */,
				2774C52521596F4A009972F3 /* SplashScreenViewController.swift in Sources */,
				2704A7A82416872F00BFC24D /* DarkTheme.swift in Sources */,
				27BA64CF215B75050080D87D /* OnboardingPresentationController.swift in Sources */,
				27BD8D65213C1ADA003DF079 /* Mixtape.swift in Sources */,
				276DAEEF2416A95C002BC917 /* SettingsTableViewCell.swift in Sources */,
				2774C51C21592633009972F3 /* SoundDownloadTask.swift in Sources */,
				2774C52B21598304009972F3 /* UpdateManager.swift in Sources */,
				27F52F082143C7BC0030102C /* SoundToolbar.swift in Sources */,
				275B0E4E2163C63800DD6520 /* PrivacyViewController.swift in Sources */,
				27B106022135D8570070A109 /* InterfaceTheme.swift in Sources */,
				27F52EF8214264350030102C /* NoisePreviewViewController.swift in Sources */,
				27A5B4AA21590F22005B0F2F /* UIApplication+StatusBar.swift in Sources */,
				27BD8D5D213C05F2003DF079 /* AudioManager.swift in Sources */,
				2774C53021598465009972F3 /* TransactionState.swift in Sources */,
				27F52EFC21427E740030102C /* PrimaryButton.swift in Sources */,
				27F52F16214D4D790030102C /* RoundedView.swift in Sources */,
				27C753832158E57000905EFD /* LicenseProvider.swift in Sources */,
				271D158D213DD45A00F5B2DC /* SoundDelegate.swift in Sources */,
				27B106082135D8EA0070A109 /* DefaultTheme.swift in Sources */,
				271F9EBA2135D51800115C8C /* NoiseViewController.swift in Sources */,
				2774C51A21592482009972F3 /* DownloadManager.swift in Sources */,
				271F9EB82135D51800115C8C /* AppDelegate.swift in Sources */,
				27BA64C7215A32260080D87D /* AudioBundle.swift in Sources */,
				27F52F102144497B0030102C /* CassetteView.swift in Sources */,
				2774C52921598097009972F3 /* RatingManager.swift in Sources */,
				27C753852158E58500905EFD /* HardCodedLicenseProvider.swift in Sources */,
				27F6916A215FB3A800468EEC /* InAppPurchasesViewController.swift in Sources */,
				27F52F0A2143C9250030102C /* SoundToolbarDelegate.swift in Sources */,
				27D18901215374D700F5968F /* SRSoundRepository.swift in Sources */,
				27B1060C2135DCA40070A109 /* Sound.swift in Sources */,
				27BD8D7C213C476A003DF079 /* MixtapeRepository.swift in Sources */,
			);
			runOnlyForDeploymentPostprocessing = 0;
		};
		271F9EC42135D51B00115C8C /* Sources */ = {
			isa = PBXSourcesBuildPhase;
			buildActionMask = 2147483647;
			files = (
				271F9ECD2135D51B00115C8C /* NoiseTests.swift in Sources */,
			);
			runOnlyForDeploymentPostprocessing = 0;
		};
/* End PBXSourcesBuildPhase section */

/* Begin PBXTargetDependency section */
		271F9ECA2135D51B00115C8C /* PBXTargetDependency */ = {
			isa = PBXTargetDependency;
			target = 271F9EB32135D51800115C8C /* Noise */;
			targetProxy = 271F9EC92135D51B00115C8C /* PBXContainerItemProxy */;
		};
/* End PBXTargetDependency section */

/* Begin PBXVariantGroup section */
		271F9EBB2135D51800115C8C /* Main.storyboard */ = {
			isa = PBXVariantGroup;
			children = (
				271F9EBC2135D51800115C8C /* Base */,
			);
			name = Main.storyboard;
			sourceTree = "<group>";
		};
		271F9EC02135D51A00115C8C /* LaunchScreen.storyboard */ = {
			isa = PBXVariantGroup;
			children = (
				271F9EC12135D51A00115C8C /* Base */,
			);
			name = LaunchScreen.storyboard;
			sourceTree = "<group>";
		};
/* End PBXVariantGroup section */

/* Begin XCBuildConfiguration section */
		271F9ECF2135D51B00115C8C /* Debug */ = {
			isa = XCBuildConfiguration;
			buildSettings = {
				ALWAYS_SEARCH_USER_PATHS = NO;
				CLANG_ANALYZER_NONNULL = YES;
				CLANG_ANALYZER_NUMBER_OBJECT_CONVERSION = YES_AGGRESSIVE;
				CLANG_CXX_LANGUAGE_STANDARD = "gnu++14";
				CLANG_CXX_LIBRARY = "libc++";
				CLANG_ENABLE_MODULES = YES;
				CLANG_ENABLE_OBJC_ARC = YES;
				CLANG_ENABLE_OBJC_WEAK = YES;
				CLANG_WARN_BLOCK_CAPTURE_AUTORELEASING = YES;
				CLANG_WARN_BOOL_CONVERSION = YES;
				CLANG_WARN_COMMA = YES;
				CLANG_WARN_CONSTANT_CONVERSION = YES;
				CLANG_WARN_DEPRECATED_OBJC_IMPLEMENTATIONS = YES;
				CLANG_WARN_DIRECT_OBJC_ISA_USAGE = YES_ERROR;
				CLANG_WARN_DOCUMENTATION_COMMENTS = YES;
				CLANG_WARN_EMPTY_BODY = YES;
				CLANG_WARN_ENUM_CONVERSION = YES;
				CLANG_WARN_INFINITE_RECURSION = YES;
				CLANG_WARN_INT_CONVERSION = YES;
				CLANG_WARN_NON_LITERAL_NULL_CONVERSION = YES;
				CLANG_WARN_OBJC_IMPLICIT_RETAIN_SELF = YES;
				CLANG_WARN_OBJC_LITERAL_CONVERSION = YES;
				CLANG_WARN_OBJC_ROOT_CLASS = YES_ERROR;
				CLANG_WARN_RANGE_LOOP_ANALYSIS = YES;
				CLANG_WARN_STRICT_PROTOTYPES = YES;
				CLANG_WARN_SUSPICIOUS_MOVE = YES;
				CLANG_WARN_UNGUARDED_AVAILABILITY = YES_AGGRESSIVE;
				CLANG_WARN_UNREACHABLE_CODE = YES;
				CLANG_WARN__DUPLICATE_METHOD_MATCH = YES;
				CODE_SIGN_IDENTITY = "iPhone Developer";
				COPY_PHASE_STRIP = NO;
				DEBUG_INFORMATION_FORMAT = dwarf;
				ENABLE_STRICT_OBJC_MSGSEND = YES;
				ENABLE_TESTABILITY = YES;
				GCC_C_LANGUAGE_STANDARD = gnu11;
				GCC_DYNAMIC_NO_PIC = NO;
				GCC_NO_COMMON_BLOCKS = YES;
				GCC_OPTIMIZATION_LEVEL = 0;
				GCC_PREPROCESSOR_DEFINITIONS = (
					"DEBUG=1",
					"$(inherited)",
				);
				GCC_WARN_64_TO_32_BIT_CONVERSION = YES;
				GCC_WARN_ABOUT_RETURN_TYPE = YES_ERROR;
				GCC_WARN_UNDECLARED_SELECTOR = YES;
				GCC_WARN_UNINITIALIZED_AUTOS = YES_AGGRESSIVE;
				GCC_WARN_UNUSED_FUNCTION = YES;
				GCC_WARN_UNUSED_VARIABLE = YES;
				IPHONEOS_DEPLOYMENT_TARGET = 11.4;
				MTL_ENABLE_DEBUG_INFO = YES;
				ONLY_ACTIVE_ARCH = YES;
				SDKROOT = iphoneos;
				SWIFT_ACTIVE_COMPILATION_CONDITIONS = DEBUG;
				SWIFT_OPTIMIZATION_LEVEL = "-Onone";
			};
			name = Debug;
		};
		271F9ED02135D51B00115C8C /* Release */ = {
			isa = XCBuildConfiguration;
			buildSettings = {
				ALWAYS_SEARCH_USER_PATHS = NO;
				CLANG_ANALYZER_NONNULL = YES;
				CLANG_ANALYZER_NUMBER_OBJECT_CONVERSION = YES_AGGRESSIVE;
				CLANG_CXX_LANGUAGE_STANDARD = "gnu++14";
				CLANG_CXX_LIBRARY = "libc++";
				CLANG_ENABLE_MODULES = YES;
				CLANG_ENABLE_OBJC_ARC = YES;
				CLANG_ENABLE_OBJC_WEAK = YES;
				CLANG_WARN_BLOCK_CAPTURE_AUTORELEASING = YES;
				CLANG_WARN_BOOL_CONVERSION = YES;
				CLANG_WARN_COMMA = YES;
				CLANG_WARN_CONSTANT_CONVERSION = YES;
				CLANG_WARN_DEPRECATED_OBJC_IMPLEMENTATIONS = YES;
				CLANG_WARN_DIRECT_OBJC_ISA_USAGE = YES_ERROR;
				CLANG_WARN_DOCUMENTATION_COMMENTS = YES;
				CLANG_WARN_EMPTY_BODY = YES;
				CLANG_WARN_ENUM_CONVERSION = YES;
				CLANG_WARN_INFINITE_RECURSION = YES;
				CLANG_WARN_INT_CONVERSION = YES;
				CLANG_WARN_NON_LITERAL_NULL_CONVERSION = YES;
				CLANG_WARN_OBJC_IMPLICIT_RETAIN_SELF = YES;
				CLANG_WARN_OBJC_LITERAL_CONVERSION = YES;
				CLANG_WARN_OBJC_ROOT_CLASS = YES_ERROR;
				CLANG_WARN_RANGE_LOOP_ANALYSIS = YES;
				CLANG_WARN_STRICT_PROTOTYPES = YES;
				CLANG_WARN_SUSPICIOUS_MOVE = YES;
				CLANG_WARN_UNGUARDED_AVAILABILITY = YES_AGGRESSIVE;
				CLANG_WARN_UNREACHABLE_CODE = YES;
				CLANG_WARN__DUPLICATE_METHOD_MATCH = YES;
				CODE_SIGN_IDENTITY = "iPhone Developer";
				COPY_PHASE_STRIP = NO;
				DEBUG_INFORMATION_FORMAT = "dwarf-with-dsym";
				ENABLE_NS_ASSERTIONS = NO;
				ENABLE_STRICT_OBJC_MSGSEND = YES;
				GCC_C_LANGUAGE_STANDARD = gnu11;
				GCC_NO_COMMON_BLOCKS = YES;
				GCC_WARN_64_TO_32_BIT_CONVERSION = YES;
				GCC_WARN_ABOUT_RETURN_TYPE = YES_ERROR;
				GCC_WARN_UNDECLARED_SELECTOR = YES;
				GCC_WARN_UNINITIALIZED_AUTOS = YES_AGGRESSIVE;
				GCC_WARN_UNUSED_FUNCTION = YES;
				GCC_WARN_UNUSED_VARIABLE = YES;
				IPHONEOS_DEPLOYMENT_TARGET = 11.4;
				MTL_ENABLE_DEBUG_INFO = NO;
				SDKROOT = iphoneos;
				SWIFT_COMPILATION_MODE = wholemodule;
				SWIFT_OPTIMIZATION_LEVEL = "-O";
				VALIDATE_PRODUCT = YES;
			};
			name = Release;
		};
		271F9ED22135D51B00115C8C /* Debug */ = {
			isa = XCBuildConfiguration;
			baseConfigurationReference = 6D1D76CE48FCFA85FC4EAC04 /* Pods-Noise.debug.xcconfig */;
			buildSettings = {
				ASSETCATALOG_COMPILER_APPICON_NAME = AppIcon;
				CODE_SIGN_STYLE = Automatic;
				CURRENT_PROJECT_VERSION = 11;
				DEVELOPMENT_TEAM = 8739VU9P7E;
				INFOPLIST_FILE = Noise/Info.plist;
				LD_RUNPATH_SEARCH_PATHS = (
					"$(inherited)",
					"@executable_path/Frameworks",
				);
				PRODUCT_BUNDLE_IDENTIFIER = at.frhlch.ios.noise.2;
				PRODUCT_NAME = Noise;
				SWIFT_VERSION = 4.0;
				TARGETED_DEVICE_FAMILY = "1,2";
			};
			name = Debug;
		};
		271F9ED32135D51B00115C8C /* Release */ = {
			isa = XCBuildConfiguration;
			baseConfigurationReference = C518B680C544DCAC19EE1A71 /* Pods-Noise.release.xcconfig */;
			buildSettings = {
				ASSETCATALOG_COMPILER_APPICON_NAME = AppIcon;
				CODE_SIGN_STYLE = Automatic;
				CURRENT_PROJECT_VERSION = 11;
				DEVELOPMENT_TEAM = 8739VU9P7E;
				INFOPLIST_FILE = Noise/Info.plist;
				LD_RUNPATH_SEARCH_PATHS = (
					"$(inherited)",
					"@executable_path/Frameworks",
				);
				PRODUCT_BUNDLE_IDENTIFIER = at.frhlch.ios.noise.2;
				PRODUCT_NAME = Noise;
				SWIFT_VERSION = 4.0;
				TARGETED_DEVICE_FAMILY = "1,2";
			};
			name = Release;
		};
		271F9ED52135D51B00115C8C /* Debug */ = {
			isa = XCBuildConfiguration;
			baseConfigurationReference = A6E97246365AA35E811A55E1 /* Pods-NoiseTests.debug.xcconfig */;
			buildSettings = {
				ALWAYS_EMBED_SWIFT_STANDARD_LIBRARIES = YES;
				BUNDLE_LOADER = "$(TEST_HOST)";
				CODE_SIGN_STYLE = Automatic;
				DEVELOPMENT_TEAM = 8739VU9P7E;
				INFOPLIST_FILE = NoiseTests/Info.plist;
				LD_RUNPATH_SEARCH_PATHS = (
					"$(inherited)",
					"@executable_path/Frameworks",
					"@loader_path/Frameworks",
				);
				PRODUCT_BUNDLE_IDENTIFIER = at.frhlch.ios.test.NoiseTests;
				PRODUCT_NAME = "$(TARGET_NAME)";
				SWIFT_VERSION = 4.0;
				TARGETED_DEVICE_FAMILY = "1,2";
				TEST_HOST = "$(BUILT_PRODUCTS_DIR)/Noise.app/Noise";
			};
			name = Debug;
		};
		271F9ED62135D51B00115C8C /* Release */ = {
			isa = XCBuildConfiguration;
			baseConfigurationReference = 986E882129E1A3F06A452CAC /* Pods-NoiseTests.release.xcconfig */;
			buildSettings = {
				ALWAYS_EMBED_SWIFT_STANDARD_LIBRARIES = YES;
				BUNDLE_LOADER = "$(TEST_HOST)";
				CODE_SIGN_STYLE = Automatic;
				DEVELOPMENT_TEAM = 8739VU9P7E;
				INFOPLIST_FILE = NoiseTests/Info.plist;
				LD_RUNPATH_SEARCH_PATHS = (
					"$(inherited)",
					"@executable_path/Frameworks",
					"@loader_path/Frameworks",
				);
				PRODUCT_BUNDLE_IDENTIFIER = at.frhlch.ios.test.NoiseTests;
				PRODUCT_NAME = "$(TARGET_NAME)";
				SWIFT_VERSION = 4.0;
				TARGETED_DEVICE_FAMILY = "1,2";
				TEST_HOST = "$(BUILT_PRODUCTS_DIR)/Noise.app/Noise";
			};
			name = Release;
		};
/* End XCBuildConfiguration section */

/* Begin XCConfigurationList section */
		271F9EAF2135D51800115C8C /* Build configuration list for PBXProject "Noise" */ = {
			isa = XCConfigurationList;
			buildConfigurations = (
				271F9ECF2135D51B00115C8C /* Debug */,
				271F9ED02135D51B00115C8C /* Release */,
			);
			defaultConfigurationIsVisible = 0;
			defaultConfigurationName = Release;
		};
		271F9ED12135D51B00115C8C /* Build configuration list for PBXNativeTarget "Noise" */ = {
			isa = XCConfigurationList;
			buildConfigurations = (
				271F9ED22135D51B00115C8C /* Debug */,
				271F9ED32135D51B00115C8C /* Release */,
			);
			defaultConfigurationIsVisible = 0;
			defaultConfigurationName = Release;
		};
		271F9ED42135D51B00115C8C /* Build configuration list for PBXNativeTarget "NoiseTests" */ = {
			isa = XCConfigurationList;
			buildConfigurations = (
				271F9ED52135D51B00115C8C /* Debug */,
				271F9ED62135D51B00115C8C /* Release */,
			);
			defaultConfigurationIsVisible = 0;
			defaultConfigurationName = Release;
		};
/* End XCConfigurationList section */

/* Begin XCVersionGroup section */
		27D188FD2153712D00F5968F /* CoreDataModel.xcdatamodeld */ = {
			isa = XCVersionGroup;
			children = (
				27D188FE2153712E00F5968F /* CoreDataModel.xcdatamodel */,
			);
			currentVersion = 27D188FE2153712E00F5968F /* CoreDataModel.xcdatamodel */;
			path = CoreDataModel.xcdatamodeld;
			sourceTree = "<group>";
			versionGroupType = wrapper.xcdatamodel;
		};
/* End XCVersionGroup section */
	};
	rootObject = 271F9EAC2135D51800115C8C /* Project object */;
}
